// !$*UTF8*$!
{
	archiveVersion = 1;
	classes = {
	};
	objectVersion = 56;
	objects = {

/* Begin PBXBuildFile section */
		20190CF42C6A336B001A2AB6 /* WatchMC3App.swift in Sources */ = {isa = PBXBuildFile; fileRef = 20190CF32C6A336B001A2AB6 /* WatchMC3App.swift */; };
		20190CF62C6A336B001A2AB6 /* ContentView.swift in Sources */ = {isa = PBXBuildFile; fileRef = 20190CF52C6A336B001A2AB6 /* ContentView.swift */; };
		20190CF82C6A336B001A2AB6 /* Assets.xcassets in Resources */ = {isa = PBXBuildFile; fileRef = 20190CF72C6A336B001A2AB6 /* Assets.xcassets */; };
		20190CFB2C6A336B001A2AB6 /* Preview Assets.xcassets in Resources */ = {isa = PBXBuildFile; fileRef = 20190CFA2C6A336B001A2AB6 /* Preview Assets.xcassets */; };
		20190CFE2C6A336B001A2AB6 /* WatchMC3 Watch App.app in Embed Watch Content */ = {isa = PBXBuildFile; fileRef = 20190CF12C6A336A001A2AB6 /* WatchMC3 Watch App.app */; settings = {ATTRIBUTES = (RemoveHeadersOnCopy, ); }; };
		2058D15D2C65C65200D0557D /* MC3App.swift in Sources */ = {isa = PBXBuildFile; fileRef = 2058D15C2C65C65200D0557D /* MC3App.swift */; };
		2058D15F2C65C65200D0557D /* ContentView.swift in Sources */ = {isa = PBXBuildFile; fileRef = 2058D15E2C65C65200D0557D /* ContentView.swift */; };
		2058D1612C65C65400D0557D /* Assets.xcassets in Resources */ = {isa = PBXBuildFile; fileRef = 2058D1602C65C65400D0557D /* Assets.xcassets */; };
		2058D1642C65C65400D0557D /* Preview Assets.xcassets in Resources */ = {isa = PBXBuildFile; fileRef = 2058D1632C65C65400D0557D /* Preview Assets.xcassets */; };
		81D079072C6DE1E100ACE61E /* HomeView.swift in Sources */ = {isa = PBXBuildFile; fileRef = 81D079062C6DE1E100ACE61E /* HomeView.swift */; };
		81D079092C6DE1EB00ACE61E /* LiveTrackView.swift in Sources */ = {isa = PBXBuildFile; fileRef = 81D079082C6DE1EB00ACE61E /* LiveTrackView.swift */; };
		81D0790B2C6DE1F400ACE61E /* SOSView.swift in Sources */ = {isa = PBXBuildFile; fileRef = 81D0790A2C6DE1F400ACE61E /* SOSView.swift */; };
		81D0790D2C6DE20A00ACE61E /* ProfileView.swift in Sources */ = {isa = PBXBuildFile; fileRef = 81D0790C2C6DE20A00ACE61E /* ProfileView.swift */; };
		81D079112C6DEB7700ACE61E /* NoAlertsView.swift in Sources */ = {isa = PBXBuildFile; fileRef = 81D079102C6DEB7700ACE61E /* NoAlertsView.swift */; };
/* End PBXBuildFile section */

/* Begin PBXContainerItemProxy section */
		20190CFC2C6A336B001A2AB6 /* PBXContainerItemProxy */ = {
			isa = PBXContainerItemProxy;
			containerPortal = 2058D1512C65C65200D0557D /* Project object */;
			proxyType = 1;
			remoteGlobalIDString = 20190CF02C6A336A001A2AB6;
			remoteInfo = "WatchMC3 Watch App";
		};
/* End PBXContainerItemProxy section */

/* Begin PBXCopyFilesBuildPhase section */
		20190CFF2C6A336B001A2AB6 /* Embed Watch Content */ = {
			isa = PBXCopyFilesBuildPhase;
			buildActionMask = 2147483647;
			dstPath = "$(CONTENTS_FOLDER_PATH)/Watch";
			dstSubfolderSpec = 16;
			files = (
				20190CFE2C6A336B001A2AB6 /* WatchMC3 Watch App.app in Embed Watch Content */,
			);
			name = "Embed Watch Content";
			runOnlyForDeploymentPostprocessing = 0;
		};
/* End PBXCopyFilesBuildPhase section */

/* Begin PBXFileReference section */
		20190CF12C6A336A001A2AB6 /* WatchMC3 Watch App.app */ = {isa = PBXFileReference; explicitFileType = wrapper.application; includeInIndex = 0; path = "WatchMC3 Watch App.app"; sourceTree = BUILT_PRODUCTS_DIR; };
		20190CF32C6A336B001A2AB6 /* WatchMC3App.swift */ = {isa = PBXFileReference; lastKnownFileType = sourcecode.swift; path = WatchMC3App.swift; sourceTree = "<group>"; };
		20190CF52C6A336B001A2AB6 /* ContentView.swift */ = {isa = PBXFileReference; lastKnownFileType = sourcecode.swift; path = ContentView.swift; sourceTree = "<group>"; };
		20190CF72C6A336B001A2AB6 /* Assets.xcassets */ = {isa = PBXFileReference; lastKnownFileType = folder.assetcatalog; path = Assets.xcassets; sourceTree = "<group>"; };
		20190CFA2C6A336B001A2AB6 /* Preview Assets.xcassets */ = {isa = PBXFileReference; lastKnownFileType = folder.assetcatalog; path = "Preview Assets.xcassets"; sourceTree = "<group>"; };
		2058D1592C65C65200D0557D /* MC3.app */ = {isa = PBXFileReference; explicitFileType = wrapper.application; includeInIndex = 0; path = MC3.app; sourceTree = BUILT_PRODUCTS_DIR; };
		2058D15C2C65C65200D0557D /* MC3App.swift */ = {isa = PBXFileReference; lastKnownFileType = sourcecode.swift; path = MC3App.swift; sourceTree = "<group>"; };
		2058D15E2C65C65200D0557D /* ContentView.swift */ = {isa = PBXFileReference; lastKnownFileType = sourcecode.swift; path = ContentView.swift; sourceTree = "<group>"; };
		2058D1602C65C65400D0557D /* Assets.xcassets */ = {isa = PBXFileReference; lastKnownFileType = folder.assetcatalog; path = Assets.xcassets; sourceTree = "<group>"; };
		2058D1632C65C65400D0557D /* Preview Assets.xcassets */ = {isa = PBXFileReference; lastKnownFileType = folder.assetcatalog; path = "Preview Assets.xcassets"; sourceTree = "<group>"; };
		81D079062C6DE1E100ACE61E /* HomeView.swift */ = {isa = PBXFileReference; lastKnownFileType = sourcecode.swift; name = HomeView.swift; path = MC3/HomeView.swift; sourceTree = SOURCE_ROOT; };
		81D079082C6DE1EB00ACE61E /* LiveTrackView.swift */ = {isa = PBXFileReference; lastKnownFileType = sourcecode.swift; name = LiveTrackView.swift; path = MC3/LiveTrackView.swift; sourceTree = SOURCE_ROOT; };
		81D0790A2C6DE1F400ACE61E /* SOSView.swift */ = {isa = PBXFileReference; lastKnownFileType = sourcecode.swift; name = SOSView.swift; path = MC3/SOSView.swift; sourceTree = SOURCE_ROOT; };
		81D0790C2C6DE20A00ACE61E /* ProfileView.swift */ = {isa = PBXFileReference; lastKnownFileType = sourcecode.swift; name = ProfileView.swift; path = MC3/ProfileView.swift; sourceTree = SOURCE_ROOT; };
		81D079102C6DEB7700ACE61E /* NoAlertsView.swift */ = {isa = PBXFileReference; lastKnownFileType = sourcecode.swift; name = NoAlertsView.swift; path = MC3/NoAlertsView.swift; sourceTree = SOURCE_ROOT; };
/* End PBXFileReference section */

/* Begin PBXFrameworksBuildPhase section */
		20190CEE2C6A336A001A2AB6 /* Frameworks */ = {
			isa = PBXFrameworksBuildPhase;
			buildActionMask = 2147483647;
			files = (
			);
			runOnlyForDeploymentPostprocessing = 0;
		};
		2058D1562C65C65200D0557D /* Frameworks */ = {
			isa = PBXFrameworksBuildPhase;
			buildActionMask = 2147483647;
			files = (
			);
			runOnlyForDeploymentPostprocessing = 0;
		};
/* End PBXFrameworksBuildPhase section */

/* Begin PBXGroup section */
		20190CF22C6A336A001A2AB6 /* WatchMC3 Watch App */ = {
			isa = PBXGroup;
			children = (
				20190D062C6A339D001A2AB6 /* Common */,
				20190D052C6A3396001A2AB6 /* Data */,
				20190D042C6A338C001A2AB6 /* Domain */,
				20190D032C6A3382001A2AB6 /* Presentation */,
				20190CF32C6A336B001A2AB6 /* WatchMC3App.swift */,
				20190CF52C6A336B001A2AB6 /* ContentView.swift */,
				20190CF72C6A336B001A2AB6 /* Assets.xcassets */,
				20190CF92C6A336B001A2AB6 /* Preview Content */,
			);
			path = "WatchMC3 Watch App";
			sourceTree = "<group>";
		};
		20190CF92C6A336B001A2AB6 /* Preview Content */ = {
			isa = PBXGroup;
			children = (
				20190CFA2C6A336B001A2AB6 /* Preview Assets.xcassets */,
			);
			path = "Preview Content";
			sourceTree = "<group>";
		};
		20190D032C6A3382001A2AB6 /* Presentation */ = {
			isa = PBXGroup;
			children = (
				20190D082C6A33AB001A2AB6 /* Views */,
				20190D072C6A33A5001A2AB6 /* ViewModels */,
			);
			path = Presentation;
			sourceTree = "<group>";
		};
		20190D042C6A338C001A2AB6 /* Domain */ = {
			isa = PBXGroup;
			children = (
				20190D0A2C6A33BC001A2AB6 /* Entities */,
				20190D092C6A33B5001A2AB6 /* UseCases */,
			);
			path = Domain;
			sourceTree = "<group>";
		};
		20190D052C6A3396001A2AB6 /* Data */ = {
			isa = PBXGroup;
			children = (
				20190D0C2C6A33D1001A2AB6 /* Repositories */,
				20190D0B2C6A33C6001A2AB6 /* DataSources */,
			);
			path = Data;
			sourceTree = "<group>";
		};
		20190D062C6A339D001A2AB6 /* Common */ = {
			isa = PBXGroup;
			children = (
				20190D0E2C6A33E7001A2AB6 /* Utils */,
				20190D0D2C6A33DB001A2AB6 /* Extensions */,
			);
			path = Common;
			sourceTree = "<group>";
		};
		20190D072C6A33A5001A2AB6 /* ViewModels */ = {
			isa = PBXGroup;
			children = (
			);
			path = ViewModels;
			sourceTree = "<group>";
		};
		20190D082C6A33AB001A2AB6 /* Views */ = {
			isa = PBXGroup;
			children = (
			);
			path = Views;
			sourceTree = "<group>";
		};
		20190D092C6A33B5001A2AB6 /* UseCases */ = {
			isa = PBXGroup;
			children = (
			);
			path = UseCases;
			sourceTree = "<group>";
		};
		20190D0A2C6A33BC001A2AB6 /* Entities */ = {
			isa = PBXGroup;
			children = (
			);
			path = Entities;
			sourceTree = "<group>";
		};
		20190D0B2C6A33C6001A2AB6 /* DataSources */ = {
			isa = PBXGroup;
			children = (
			);
			path = DataSources;
			sourceTree = "<group>";
		};
		20190D0C2C6A33D1001A2AB6 /* Repositories */ = {
			isa = PBXGroup;
			children = (
			);
			path = Repositories;
			sourceTree = "<group>";
		};
		20190D0D2C6A33DB001A2AB6 /* Extensions */ = {
			isa = PBXGroup;
			children = (
			);
			path = Extensions;
			sourceTree = "<group>";
		};
		20190D0E2C6A33E7001A2AB6 /* Utils */ = {
			isa = PBXGroup;
			children = (
			);
			path = Utils;
			sourceTree = "<group>";
		};
		2058D1502C65C65200D0557D = {
			isa = PBXGroup;
			children = (
				2058D15B2C65C65200D0557D /* MC3 */,
				20190CF22C6A336A001A2AB6 /* WatchMC3 Watch App */,
				2058D15A2C65C65200D0557D /* Products */,
			);
			sourceTree = "<group>";
		};
		2058D15A2C65C65200D0557D /* Products */ = {
			isa = PBXGroup;
			children = (
				2058D1592C65C65200D0557D /* MC3.app */,
				20190CF12C6A336A001A2AB6 /* WatchMC3 Watch App.app */,
			);
			name = Products;
			sourceTree = "<group>";
		};
		2058D15B2C65C65200D0557D /* MC3 */ = {
			isa = PBXGroup;
			children = (
				2058D16B2C65C99400D0557D /* Presentation */,
				2058D16C2C65C99D00D0557D /* Domain */,
				2058D16D2C65C9A700D0557D /* Data */,
				2058D16A2C65C98300D0557D /* Common */,
				2058D15C2C65C65200D0557D /* MC3App.swift */,
				2058D15E2C65C65200D0557D /* ContentView.swift */,
				2058D1602C65C65400D0557D /* Assets.xcassets */,
				2058D1622C65C65400D0557D /* Preview Content */,
			);
			path = MC3;
			sourceTree = "<group>";
		};
		2058D1622C65C65400D0557D /* Preview Content */ = {
			isa = PBXGroup;
			children = (
				2058D1632C65C65400D0557D /* Preview Assets.xcassets */,
			);
			path = "Preview Content";
			sourceTree = "<group>";
		};
		2058D16A2C65C98300D0557D /* Common */ = {
			isa = PBXGroup;
			children = (
				2058D1752C65CA5E00D0557D /* Extensions */,
				2058D1742C65CA5800D0557D /* Utils */,
			);
			path = Common;
			sourceTree = "<group>";
		};
		2058D16B2C65C99400D0557D /* Presentation */ = {
			isa = PBXGroup;
			children = (
				2058D16F2C65C9CD00D0557D /* ViewModels */,
				2058D16E2C65C9C400D0557D /* Views */,
			);
			path = Presentation;
			sourceTree = "<group>";
		};
		2058D16C2C65C99D00D0557D /* Domain */ = {
			isa = PBXGroup;
			children = (
				2058D1712C65CA0100D0557D /* UseCases */,
				2058D1702C65C9D800D0557D /* Entities */,
			);
			path = Domain;
			sourceTree = "<group>";
		};
		2058D16D2C65C9A700D0557D /* Data */ = {
			isa = PBXGroup;
			children = (
				2058D1732C65CA1600D0557D /* DataSources */,
				2058D1722C65CA0C00D0557D /* Repositories */,
			);
			path = Data;
			sourceTree = "<group>";
		};
		2058D16E2C65C9C400D0557D /* Views */ = {
			isa = PBXGroup;
			children = (
				81D079062C6DE1E100ACE61E /* HomeView.swift */,
				81D079082C6DE1EB00ACE61E /* LiveTrackView.swift */,
				81D0790A2C6DE1F400ACE61E /* SOSView.swift */,
				81D0790C2C6DE20A00ACE61E /* ProfileView.swift */,
				81D079102C6DEB7700ACE61E /* NoAlertsView.swift */,
			);
			path = Views;
			sourceTree = "<group>";
		};
		2058D16F2C65C9CD00D0557D /* ViewModels */ = {
			isa = PBXGroup;
			children = (
			);
			path = ViewModels;
			sourceTree = "<group>";
		};
		2058D1702C65C9D800D0557D /* Entities */ = {
			isa = PBXGroup;
			children = (
			);
			path = Entities;
			sourceTree = "<group>";
		};
		2058D1712C65CA0100D0557D /* UseCases */ = {
			isa = PBXGroup;
			children = (
			);
			path = UseCases;
			sourceTree = "<group>";
		};
		2058D1722C65CA0C00D0557D /* Repositories */ = {
			isa = PBXGroup;
			children = (
			);
			path = Repositories;
			sourceTree = "<group>";
		};
		2058D1732C65CA1600D0557D /* DataSources */ = {
			isa = PBXGroup;
			children = (
			);
			path = DataSources;
			sourceTree = "<group>";
		};
		2058D1742C65CA5800D0557D /* Utils */ = {
			isa = PBXGroup;
			children = (
			);
			path = Utils;
			sourceTree = "<group>";
		};
		2058D1752C65CA5E00D0557D /* Extensions */ = {
			isa = PBXGroup;
			children = (
			);
			path = Extensions;
			sourceTree = "<group>";
		};
/* End PBXGroup section */

/* Begin PBXNativeTarget section */
		20190CF02C6A336A001A2AB6 /* WatchMC3 Watch App */ = {
			isa = PBXNativeTarget;
			buildConfigurationList = 20190D022C6A336B001A2AB6 /* Build configuration list for PBXNativeTarget "WatchMC3 Watch App" */;
			buildPhases = (
				20190CED2C6A336A001A2AB6 /* Sources */,
				20190CEE2C6A336A001A2AB6 /* Frameworks */,
				20190CEF2C6A336A001A2AB6 /* Resources */,
			);
			buildRules = (
			);
			dependencies = (
			);
			name = "WatchMC3 Watch App";
			productName = "WatchMC3 Watch App";
			productReference = 20190CF12C6A336A001A2AB6 /* WatchMC3 Watch App.app */;
			productType = "com.apple.product-type.application";
		};
		2058D1582C65C65200D0557D /* MC3 */ = {
			isa = PBXNativeTarget;
			buildConfigurationList = 2058D1672C65C65400D0557D /* Build configuration list for PBXNativeTarget "MC3" */;
			buildPhases = (
				2058D1552C65C65200D0557D /* Sources */,
				2058D1562C65C65200D0557D /* Frameworks */,
				2058D1572C65C65200D0557D /* Resources */,
				20190CFF2C6A336B001A2AB6 /* Embed Watch Content */,
			);
			buildRules = (
			);
			dependencies = (
				20190CFD2C6A336B001A2AB6 /* PBXTargetDependency */,
			);
			name = MC3;
			productName = MC3;
			productReference = 2058D1592C65C65200D0557D /* MC3.app */;
			productType = "com.apple.product-type.application";
		};
/* End PBXNativeTarget section */

/* Begin PBXProject section */
		2058D1512C65C65200D0557D /* Project object */ = {
			isa = PBXProject;
			attributes = {
				BuildIndependentTargetsInParallel = 1;
				LastSwiftUpdateCheck = 1530;
				LastUpgradeCheck = 1530;
				TargetAttributes = {
					20190CF02C6A336A001A2AB6 = {
						CreatedOnToolsVersion = 15.3;
					};
					2058D1582C65C65200D0557D = {
						CreatedOnToolsVersion = 15.3;
					};
				};
			};
			buildConfigurationList = 2058D1542C65C65200D0557D /* Build configuration list for PBXProject "MC3" */;
			compatibilityVersion = "Xcode 14.0";
			developmentRegion = en;
			hasScannedForEncodings = 0;
			knownRegions = (
				en,
				Base,
			);
			mainGroup = 2058D1502C65C65200D0557D;
			productRefGroup = 2058D15A2C65C65200D0557D /* Products */;
			projectDirPath = "";
			projectRoot = "";
			targets = (
				2058D1582C65C65200D0557D /* MC3 */,
				20190CF02C6A336A001A2AB6 /* WatchMC3 Watch App */,
			);
		};
/* End PBXProject section */

/* Begin PBXResourcesBuildPhase section */
		20190CEF2C6A336A001A2AB6 /* Resources */ = {
			isa = PBXResourcesBuildPhase;
			buildActionMask = 2147483647;
			files = (
				20190CFB2C6A336B001A2AB6 /* Preview Assets.xcassets in Resources */,
				20190CF82C6A336B001A2AB6 /* Assets.xcassets in Resources */,
			);
			runOnlyForDeploymentPostprocessing = 0;
		};
		2058D1572C65C65200D0557D /* Resources */ = {
			isa = PBXResourcesBuildPhase;
			buildActionMask = 2147483647;
			files = (
				2058D1642C65C65400D0557D /* Preview Assets.xcassets in Resources */,
				2058D1612C65C65400D0557D /* Assets.xcassets in Resources */,
			);
			runOnlyForDeploymentPostprocessing = 0;
		};
/* End PBXResourcesBuildPhase section */

/* Begin PBXSourcesBuildPhase section */
		20190CED2C6A336A001A2AB6 /* Sources */ = {
			isa = PBXSourcesBuildPhase;
			buildActionMask = 2147483647;
			files = (
				20190CF62C6A336B001A2AB6 /* ContentView.swift in Sources */,
				20190CF42C6A336B001A2AB6 /* WatchMC3App.swift in Sources */,
			);
			runOnlyForDeploymentPostprocessing = 0;
		};
		2058D1552C65C65200D0557D /* Sources */ = {
			isa = PBXSourcesBuildPhase;
			buildActionMask = 2147483647;
			files = (
				81D079072C6DE1E100ACE61E /* HomeView.swift in Sources */,
				81D079112C6DEB7700ACE61E /* NoAlertsView.swift in Sources */,
				2058D15F2C65C65200D0557D /* ContentView.swift in Sources */,
				81D079092C6DE1EB00ACE61E /* LiveTrackView.swift in Sources */,
				81D0790B2C6DE1F400ACE61E /* SOSView.swift in Sources */,
				81D0790D2C6DE20A00ACE61E /* ProfileView.swift in Sources */,
				2058D15D2C65C65200D0557D /* MC3App.swift in Sources */,
			);
			runOnlyForDeploymentPostprocessing = 0;
		};
/* End PBXSourcesBuildPhase section */

/* Begin PBXTargetDependency section */
		20190CFD2C6A336B001A2AB6 /* PBXTargetDependency */ = {
			isa = PBXTargetDependency;
			target = 20190CF02C6A336A001A2AB6 /* WatchMC3 Watch App */;
			targetProxy = 20190CFC2C6A336B001A2AB6 /* PBXContainerItemProxy */;
		};
/* End PBXTargetDependency section */

/* Begin XCBuildConfiguration section */
		20190D002C6A336B001A2AB6 /* Debug */ = {
			isa = XCBuildConfiguration;
			buildSettings = {
				ASSETCATALOG_COMPILER_APPICON_NAME = AppIcon;
				ASSETCATALOG_COMPILER_GLOBAL_ACCENT_COLOR_NAME = AccentColor;
				CODE_SIGN_STYLE = Automatic;
				CURRENT_PROJECT_VERSION = 1;
				DEVELOPMENT_ASSET_PATHS = "\"WatchMC3 Watch App/Preview Content\"";
				DEVELOPMENT_TEAM = 2RQ6LB993C;
				ENABLE_PREVIEWS = YES;
				GENERATE_INFOPLIST_FILE = YES;
				INFOPLIST_KEY_CFBundleDisplayName = WatchMC3;
				INFOPLIST_KEY_UISupportedInterfaceOrientations = "UIInterfaceOrientationPortrait UIInterfaceOrientationPortraitUpsideDown";
				INFOPLIST_KEY_WKCompanionAppBundleIdentifier = mc3.MC3;
				LD_RUNPATH_SEARCH_PATHS = (
					"$(inherited)",
					"@executable_path/Frameworks",
				);
				MARKETING_VERSION = 1.0;
				PRODUCT_BUNDLE_IDENTIFIER = mc3.MC3.watchkitapp;
				PRODUCT_NAME = "$(TARGET_NAME)";
				SDKROOT = watchos;
				SKIP_INSTALL = YES;
				SWIFT_EMIT_LOC_STRINGS = YES;
				SWIFT_VERSION = 5.0;
				TARGETED_DEVICE_FAMILY = 4;
				WATCHOS_DEPLOYMENT_TARGET = 10.4;
			};
			name = Debug;
		};
		20190D012C6A336B001A2AB6 /* Release */ = {
			isa = XCBuildConfiguration;
			buildSettings = {
				ASSETCATALOG_COMPILER_APPICON_NAME = AppIcon;
				ASSETCATALOG_COMPILER_GLOBAL_ACCENT_COLOR_NAME = AccentColor;
				CODE_SIGN_STYLE = Automatic;
				CURRENT_PROJECT_VERSION = 1;
				DEVELOPMENT_ASSET_PATHS = "\"WatchMC3 Watch App/Preview Content\"";
				DEVELOPMENT_TEAM = 2RQ6LB993C;
				ENABLE_PREVIEWS = YES;
				GENERATE_INFOPLIST_FILE = YES;
				INFOPLIST_KEY_CFBundleDisplayName = WatchMC3;
				INFOPLIST_KEY_UISupportedInterfaceOrientations = "UIInterfaceOrientationPortrait UIInterfaceOrientationPortraitUpsideDown";
				INFOPLIST_KEY_WKCompanionAppBundleIdentifier = mc3.MC3;
				LD_RUNPATH_SEARCH_PATHS = (
					"$(inherited)",
					"@executable_path/Frameworks",
				);
				MARKETING_VERSION = 1.0;
				PRODUCT_BUNDLE_IDENTIFIER = mc3.MC3.watchkitapp;
				PRODUCT_NAME = "$(TARGET_NAME)";
				SDKROOT = watchos;
				SKIP_INSTALL = YES;
				SWIFT_EMIT_LOC_STRINGS = YES;
				SWIFT_VERSION = 5.0;
				TARGETED_DEVICE_FAMILY = 4;
				WATCHOS_DEPLOYMENT_TARGET = 10.4;
			};
			name = Release;
		};
		2058D1652C65C65400D0557D /* Debug */ = {
			isa = XCBuildConfiguration;
			buildSettings = {
				ALWAYS_SEARCH_USER_PATHS = NO;
				ASSETCATALOG_COMPILER_GENERATE_SWIFT_ASSET_SYMBOL_EXTENSIONS = YES;
				CLANG_ANALYZER_NONNULL = YES;
				CLANG_ANALYZER_NUMBER_OBJECT_CONVERSION = YES_AGGRESSIVE;
				CLANG_CXX_LANGUAGE_STANDARD = "gnu++20";
				CLANG_ENABLE_MODULES = YES;
				CLANG_ENABLE_OBJC_ARC = YES;
				CLANG_ENABLE_OBJC_WEAK = YES;
				CLANG_WARN_BLOCK_CAPTURE_AUTORELEASING = YES;
				CLANG_WARN_BOOL_CONVERSION = YES;
				CLANG_WARN_COMMA = YES;
				CLANG_WARN_CONSTANT_CONVERSION = YES;
				CLANG_WARN_DEPRECATED_OBJC_IMPLEMENTATIONS = YES;
				CLANG_WARN_DIRECT_OBJC_ISA_USAGE = YES_ERROR;
				CLANG_WARN_DOCUMENTATION_COMMENTS = YES;
				CLANG_WARN_EMPTY_BODY = YES;
				CLANG_WARN_ENUM_CONVERSION = YES;
				CLANG_WARN_INFINITE_RECURSION = YES;
				CLANG_WARN_INT_CONVERSION = YES;
				CLANG_WARN_NON_LITERAL_NULL_CONVERSION = YES;
				CLANG_WARN_OBJC_IMPLICIT_RETAIN_SELF = YES;
				CLANG_WARN_OBJC_LITERAL_CONVERSION = YES;
				CLANG_WARN_OBJC_ROOT_CLASS = YES_ERROR;
				CLANG_WARN_QUOTED_INCLUDE_IN_FRAMEWORK_HEADER = YES;
				CLANG_WARN_RANGE_LOOP_ANALYSIS = YES;
				CLANG_WARN_STRICT_PROTOTYPES = YES;
				CLANG_WARN_SUSPICIOUS_MOVE = YES;
				CLANG_WARN_UNGUARDED_AVAILABILITY = YES_AGGRESSIVE;
				CLANG_WARN_UNREACHABLE_CODE = YES;
				CLANG_WARN__DUPLICATE_METHOD_MATCH = YES;
				COPY_PHASE_STRIP = NO;
				DEBUG_INFORMATION_FORMAT = dwarf;
				ENABLE_STRICT_OBJC_MSGSEND = YES;
				ENABLE_TESTABILITY = YES;
				ENABLE_USER_SCRIPT_SANDBOXING = YES;
				GCC_C_LANGUAGE_STANDARD = gnu17;
				GCC_DYNAMIC_NO_PIC = NO;
				GCC_NO_COMMON_BLOCKS = YES;
				GCC_OPTIMIZATION_LEVEL = 0;
				GCC_PREPROCESSOR_DEFINITIONS = (
					"DEBUG=1",
					"$(inherited)",
				);
				GCC_WARN_64_TO_32_BIT_CONVERSION = YES;
				GCC_WARN_ABOUT_RETURN_TYPE = YES_ERROR;
				GCC_WARN_UNDECLARED_SELECTOR = YES;
				GCC_WARN_UNINITIALIZED_AUTOS = YES_AGGRESSIVE;
				GCC_WARN_UNUSED_FUNCTION = YES;
				GCC_WARN_UNUSED_VARIABLE = YES;
				IPHONEOS_DEPLOYMENT_TARGET = 17.4;
				LOCALIZATION_PREFERS_STRING_CATALOGS = YES;
				MTL_ENABLE_DEBUG_INFO = INCLUDE_SOURCE;
				MTL_FAST_MATH = YES;
				ONLY_ACTIVE_ARCH = YES;
				SDKROOT = iphoneos;
				SWIFT_ACTIVE_COMPILATION_CONDITIONS = "DEBUG $(inherited)";
				SWIFT_OPTIMIZATION_LEVEL = "-Onone";
			};
			name = Debug;
		};
		2058D1662C65C65400D0557D /* Release */ = {
			isa = XCBuildConfiguration;
			buildSettings = {
				ALWAYS_SEARCH_USER_PATHS = NO;
				ASSETCATALOG_COMPILER_GENERATE_SWIFT_ASSET_SYMBOL_EXTENSIONS = YES;
				CLANG_ANALYZER_NONNULL = YES;
				CLANG_ANALYZER_NUMBER_OBJECT_CONVERSION = YES_AGGRESSIVE;
				CLANG_CXX_LANGUAGE_STANDARD = "gnu++20";
				CLANG_ENABLE_MODULES = YES;
				CLANG_ENABLE_OBJC_ARC = YES;
				CLANG_ENABLE_OBJC_WEAK = YES;
				CLANG_WARN_BLOCK_CAPTURE_AUTORELEASING = YES;
				CLANG_WARN_BOOL_CONVERSION = YES;
				CLANG_WARN_COMMA = YES;
				CLANG_WARN_CONSTANT_CONVERSION = YES;
				CLANG_WARN_DEPRECATED_OBJC_IMPLEMENTATIONS = YES;
				CLANG_WARN_DIRECT_OBJC_ISA_USAGE = YES_ERROR;
				CLANG_WARN_DOCUMENTATION_COMMENTS = YES;
				CLANG_WARN_EMPTY_BODY = YES;
				CLANG_WARN_ENUM_CONVERSION = YES;
				CLANG_WARN_INFINITE_RECURSION = YES;
				CLANG_WARN_INT_CONVERSION = YES;
				CLANG_WARN_NON_LITERAL_NULL_CONVERSION = YES;
				CLANG_WARN_OBJC_IMPLICIT_RETAIN_SELF = YES;
				CLANG_WARN_OBJC_LITERAL_CONVERSION = YES;
				CLANG_WARN_OBJC_ROOT_CLASS = YES_ERROR;
				CLANG_WARN_QUOTED_INCLUDE_IN_FRAMEWORK_HEADER = YES;
				CLANG_WARN_RANGE_LOOP_ANALYSIS = YES;
				CLANG_WARN_STRICT_PROTOTYPES = YES;
				CLANG_WARN_SUSPICIOUS_MOVE = YES;
				CLANG_WARN_UNGUARDED_AVAILABILITY = YES_AGGRESSIVE;
				CLANG_WARN_UNREACHABLE_CODE = YES;
				CLANG_WARN__DUPLICATE_METHOD_MATCH = YES;
				COPY_PHASE_STRIP = NO;
				DEBUG_INFORMATION_FORMAT = "dwarf-with-dsym";
				ENABLE_NS_ASSERTIONS = NO;
				ENABLE_STRICT_OBJC_MSGSEND = YES;
				ENABLE_USER_SCRIPT_SANDBOXING = YES;
				GCC_C_LANGUAGE_STANDARD = gnu17;
				GCC_NO_COMMON_BLOCKS = YES;
				GCC_WARN_64_TO_32_BIT_CONVERSION = YES;
				GCC_WARN_ABOUT_RETURN_TYPE = YES_ERROR;
				GCC_WARN_UNDECLARED_SELECTOR = YES;
				GCC_WARN_UNINITIALIZED_AUTOS = YES_AGGRESSIVE;
				GCC_WARN_UNUSED_FUNCTION = YES;
				GCC_WARN_UNUSED_VARIABLE = YES;
				IPHONEOS_DEPLOYMENT_TARGET = 17.4;
				LOCALIZATION_PREFERS_STRING_CATALOGS = YES;
				MTL_ENABLE_DEBUG_INFO = NO;
				MTL_FAST_MATH = YES;
				SDKROOT = iphoneos;
				SWIFT_COMPILATION_MODE = wholemodule;
				VALIDATE_PRODUCT = YES;
			};
			name = Release;
		};
		2058D1682C65C65400D0557D /* Debug */ = {
			isa = XCBuildConfiguration;
			buildSettings = {
				ALWAYS_EMBED_SWIFT_STANDARD_LIBRARIES = YES;
				ASSETCATALOG_COMPILER_APPICON_NAME = AppIcon;
				ASSETCATALOG_COMPILER_GLOBAL_ACCENT_COLOR_NAME = AccentColor;
				CODE_SIGN_STYLE = Automatic;
				CURRENT_PROJECT_VERSION = 1;
				DEVELOPMENT_ASSET_PATHS = "\"MC3/Preview Content\"";
				DEVELOPMENT_TEAM = 2RQ6LB993C;
				ENABLE_PREVIEWS = YES;
				GENERATE_INFOPLIST_FILE = YES;
				INFOPLIST_KEY_UIApplicationSceneManifest_Generation = YES;
				INFOPLIST_KEY_UIApplicationSupportsIndirectInputEvents = YES;
				INFOPLIST_KEY_UILaunchScreen_Generation = YES;
				INFOPLIST_KEY_UISupportedInterfaceOrientations_iPad = "UIInterfaceOrientationPortrait UIInterfaceOrientationPortraitUpsideDown UIInterfaceOrientationLandscapeLeft UIInterfaceOrientationLandscapeRight";
				INFOPLIST_KEY_UISupportedInterfaceOrientations_iPhone = "UIInterfaceOrientationPortrait UIInterfaceOrientationLandscapeLeft UIInterfaceOrientationLandscapeRight";
				IPHONEOS_DEPLOYMENT_TARGET = 17.2;
				LD_RUNPATH_SEARCH_PATHS = (
					"$(inherited)",
					"@executable_path/Frameworks",
				);
				MARKETING_VERSION = 1.0;
				PRODUCT_BUNDLE_IDENTIFIER = mc3.MC3;
				PRODUCT_NAME = "$(TARGET_NAME)";
				SWIFT_EMIT_LOC_STRINGS = YES;
				SWIFT_VERSION = 5.0;
				TARGETED_DEVICE_FAMILY = "1,2";
			};
			name = Debug;
		};
		2058D1692C65C65400D0557D /* Release */ = {
			isa = XCBuildConfiguration;
			buildSettings = {
				ALWAYS_EMBED_SWIFT_STANDARD_LIBRARIES = YES;
				ASSETCATALOG_COMPILER_APPICON_NAME = AppIcon;
				ASSETCATALOG_COMPILER_GLOBAL_ACCENT_COLOR_NAME = AccentColor;
				CODE_SIGN_STYLE = Automatic;
				CURRENT_PROJECT_VERSION = 1;
				DEVELOPMENT_ASSET_PATHS = "\"MC3/Preview Content\"";
				DEVELOPMENT_TEAM = 2RQ6LB993C;
				ENABLE_PREVIEWS = YES;
				GENERATE_INFOPLIST_FILE = YES;
				INFOPLIST_KEY_UIApplicationSceneManifest_Generation = YES;
				INFOPLIST_KEY_UIApplicationSupportsIndirectInputEvents = YES;
				INFOPLIST_KEY_UILaunchScreen_Generation = YES;
				INFOPLIST_KEY_UISupportedInterfaceOrientations_iPad = "UIInterfaceOrientationPortrait UIInterfaceOrientationPortraitUpsideDown UIInterfaceOrientationLandscapeLeft UIInterfaceOrientationLandscapeRight";
				INFOPLIST_KEY_UISupportedInterfaceOrientations_iPhone = "UIInterfaceOrientationPortrait UIInterfaceOrientationLandscapeLeft UIInterfaceOrientationLandscapeRight";
				IPHONEOS_DEPLOYMENT_TARGET = 17.2;
				LD_RUNPATH_SEARCH_PATHS = (
					"$(inherited)",
					"@executable_path/Frameworks",
				);
				MARKETING_VERSION = 1.0;
				PRODUCT_BUNDLE_IDENTIFIER = mc3.MC3;
				PRODUCT_NAME = "$(TARGET_NAME)";
				SWIFT_EMIT_LOC_STRINGS = YES;
				SWIFT_VERSION = 5.0;
				TARGETED_DEVICE_FAMILY = "1,2";
			};
			name = Release;
		};
/* End XCBuildConfiguration section */

/* Begin XCConfigurationList section */
		20190D022C6A336B001A2AB6 /* Build configuration list for PBXNativeTarget "WatchMC3 Watch App" */ = {
			isa = XCConfigurationList;
			buildConfigurations = (
				20190D002C6A336B001A2AB6 /* Debug */,
				20190D012C6A336B001A2AB6 /* Release */,
			);
			defaultConfigurationIsVisible = 0;
			defaultConfigurationName = Release;
		};
		2058D1542C65C65200D0557D /* Build configuration list for PBXProject "MC3" */ = {
			isa = XCConfigurationList;
			buildConfigurations = (
				2058D1652C65C65400D0557D /* Debug */,
				2058D1662C65C65400D0557D /* Release */,
			);
			defaultConfigurationIsVisible = 0;
			defaultConfigurationName = Release;
		};
		2058D1672C65C65400D0557D /* Build configuration list for PBXNativeTarget "MC3" */ = {
			isa = XCConfigurationList;
			buildConfigurations = (
				2058D1682C65C65400D0557D /* Debug */,
				2058D1692C65C65400D0557D /* Release */,
			);
			defaultConfigurationIsVisible = 0;
			defaultConfigurationName = Release;
		};
/* End XCConfigurationList section */
	};
	rootObject = 2058D1512C65C65200D0557D /* Project object */;
}
