// !$*UTF8*$!
{
	archiveVersion = 1;
	classes = {
	};
	objectVersion = 56;
	objects = {

/* Begin PBXBuildFile section */
		20190CF42C6A336B001A2AB6 /* WatchMC3App.swift in Sources */ = {isa = PBXBuildFile; fileRef = 20190CF32C6A336B001A2AB6 /* WatchMC3App.swift */; };
		20190CF82C6A336B001A2AB6 /* Assets.xcassets in Resources */ = {isa = PBXBuildFile; fileRef = 20190CF72C6A336B001A2AB6 /* Assets.xcassets */; };
		20190CFB2C6A336B001A2AB6 /* Preview Assets.xcassets in Resources */ = {isa = PBXBuildFile; fileRef = 20190CFA2C6A336B001A2AB6 /* Preview Assets.xcassets */; };
		20190CFE2C6A336B001A2AB6 /* WatchMC3 Watch App.app in Embed Watch Content */ = {isa = PBXBuildFile; fileRef = 20190CF12C6A336A001A2AB6 /* WatchMC3 Watch App.app */; settings = {ATTRIBUTES = (RemoveHeadersOnCopy, ); }; };
		201FB0742C6D9AE400058A95 /* EmergencyContactViewModel.swift in Sources */ = {isa = PBXBuildFile; fileRef = 201FB0732C6D9AE400058A95 /* EmergencyContactViewModel.swift */; };
		201FB0762C6DC32F00058A95 /* ContactPickerView.swift in Sources */ = {isa = PBXBuildFile; fileRef = 201FB0752C6DC32F00058A95 /* ContactPickerView.swift */; };
		2058D15D2C65C65200D0557D /* MC3App.swift in Sources */ = {isa = PBXBuildFile; fileRef = 2058D15C2C65C65200D0557D /* MC3App.swift */; };
		2058D15F2C65C65200D0557D /* ContentView.swift in Sources */ = {isa = PBXBuildFile; fileRef = 2058D15E2C65C65200D0557D /* ContentView.swift */; };
		2058D1612C65C65400D0557D /* Assets.xcassets in Resources */ = {isa = PBXBuildFile; fileRef = 2058D1602C65C65400D0557D /* Assets.xcassets */; };
		2058D1642C65C65400D0557D /* Preview Assets.xcassets in Resources */ = {isa = PBXBuildFile; fileRef = 2058D1632C65C65400D0557D /* Preview Assets.xcassets */; };
		206A2CFF2C6EA40500287FD0 /* FCMTokenManager.swift in Sources */ = {isa = PBXBuildFile; fileRef = 206A2CFE2C6EA40500287FD0 /* FCMTokenManager.swift */; };
		207BA47B2C6CF90E00B9B3FC /* FirebaseMessaging in Frameworks */ = {isa = PBXBuildFile; productRef = 207BA47A2C6CF90E00B9B3FC /* FirebaseMessaging */; };
		207BA4822C6D905D00B9B3FC /* MessageNotificationViewModel.swift in Sources */ = {isa = PBXBuildFile; fileRef = 207BA4812C6D905D00B9B3FC /* MessageNotificationViewModel.swift */; };
		207BA4842C6D930200B9B3FC /* AddEmergencyContactView.swift in Sources */ = {isa = PBXBuildFile; fileRef = 207BA4832C6D930200B9B3FC /* AddEmergencyContactView.swift */; };
		209E78792C6F563C00510BD4 /* MessageNotificationViewModel.swift in Sources */ = {isa = PBXBuildFile; fileRef = 207BA4812C6D905D00B9B3FC /* MessageNotificationViewModel.swift */; };
		20D4DA9E2C6E59A4009E73D7 /* NoAlertsView.swift in Sources */ = {isa = PBXBuildFile; fileRef = 20D4DA972C6E59A4009E73D7 /* NoAlertsView.swift */; };
		20D4DA9F2C6E59A4009E73D7 /* SOSView.swift in Sources */ = {isa = PBXBuildFile; fileRef = 20D4DA982C6E59A4009E73D7 /* SOSView.swift */; };
		20D4DAA02C6E59A4009E73D7 /* HomeView.swift in Sources */ = {isa = PBXBuildFile; fileRef = 20D4DA992C6E59A4009E73D7 /* HomeView.swift */; };
		20D4DAA12C6E59A4009E73D7 /* CountdownView.swift in Sources */ = {isa = PBXBuildFile; fileRef = 20D4DA9A2C6E59A4009E73D7 /* CountdownView.swift */; };
		20D4DAA22C6E59A4009E73D7 /* PinInputView.swift in Sources */ = {isa = PBXBuildFile; fileRef = 20D4DA9B2C6E59A4009E73D7 /* PinInputView.swift */; };
		20D4DAA32C6E59A4009E73D7 /* ProfileView.swift in Sources */ = {isa = PBXBuildFile; fileRef = 20D4DA9C2C6E59A4009E73D7 /* ProfileView.swift */; };
		20F585082C6DD28F00114E3D /* AddContactsView.swift in Sources */ = {isa = PBXBuildFile; fileRef = 20F585022C6DD28F00114E3D /* AddContactsView.swift */; };
		20F5850C2C6DD28F00114E3D /* OnboardingView.swift in Sources */ = {isa = PBXBuildFile; fileRef = 20F585062C6DD28F00114E3D /* OnboardingView.swift */; };
		20F95A642C6E1073005B3DA1 /* HomepageViewModel.swift in Sources */ = {isa = PBXBuildFile; fileRef = 20F95A632C6E1073005B3DA1 /* HomepageViewModel.swift */; };
		20F95A652C6E1073005B3DA1 /* HomepageView.swift in Sources */ = {isa = PBXBuildFile; fileRef = 20F95A5F2C6E1073005B3DA1 /* HomepageView.swift */; };
		20F95A662C6E1073005B3DA1 /* LocationManagerViewModel.swift in Sources */ = {isa = PBXBuildFile; fileRef = 20F95A612C6E1073005B3DA1 /* LocationManagerViewModel.swift */; };
		20F95A6A2C6E11A5005B3DA1 /* GoogleService-Info.plist in Resources */ = {isa = PBXBuildFile; fileRef = 20F95A692C6E11A5005B3DA1 /* GoogleService-Info.plist */; };
		81D078F92C6C52FC00ACE61E /* OnboardingView.swift in Sources */ = {isa = PBXBuildFile; fileRef = 81D078F82C6C52FC00ACE61E /* OnboardingView.swift */; };
		81D078FD2C6C537E00ACE61E /* AddContactsView.swift in Sources */ = {isa = PBXBuildFile; fileRef = 81D078FC2C6C537E00ACE61E /* AddContactsView.swift */; };
		81D079072C6DE1E100ACE61E /* HomeView.swift in Sources */ = {isa = PBXBuildFile; fileRef = 81D079062C6DE1E100ACE61E /* HomeView.swift */; };
		81D079092C6DE1EB00ACE61E /* LiveTrackView.swift in Sources */ = {isa = PBXBuildFile; fileRef = 81D079082C6DE1EB00ACE61E /* LiveTrackView.swift */; };
		81D0790B2C6DE1F400ACE61E /* SOSView.swift in Sources */ = {isa = PBXBuildFile; fileRef = 81D0790A2C6DE1F400ACE61E /* SOSView.swift */; };
		81D0790D2C6DE20A00ACE61E /* ProfileView.swift in Sources */ = {isa = PBXBuildFile; fileRef = 81D0790C2C6DE20A00ACE61E /* ProfileView.swift */; };
		81D079112C6DEB7700ACE61E /* NoAlertsView.swift in Sources */ = {isa = PBXBuildFile; fileRef = 81D079102C6DEB7700ACE61E /* NoAlertsView.swift */; };
		81D079132C6DF04E00ACE61E /* CountdownView.swift in Sources */ = {isa = PBXBuildFile; fileRef = 81D079122C6DF04E00ACE61E /* CountdownView.swift */; };
		81D079152C6DFD1500ACE61E /* PinInputView.swift in Sources */ = {isa = PBXBuildFile; fileRef = 81D079142C6DFD1500ACE61E /* PinInputView.swift */; };
		DA1908392C6E0EA40087FA23 /* EmergencyViewModel.swift in Sources */ = {isa = PBXBuildFile; fileRef = DA1908382C6E0EA40087FA23 /* EmergencyViewModel.swift */; };
		DA19083F2C6E44C20087FA23 /* Router.swift in Sources */ = {isa = PBXBuildFile; fileRef = DA19083E2C6E44C20087FA23 /* Router.swift */; };
		DA221D312C6FA7B300F88958 /* AllViews.swift in Sources */ = {isa = PBXBuildFile; fileRef = DA221D302C6FA7B300F88958 /* AllViews.swift */; };
		DA221D362C6FA93700F88958 /* SettingsView.swift in Sources */ = {isa = PBXBuildFile; fileRef = DA221D352C6FA93700F88958 /* SettingsView.swift */; };
		DA221D392C6FB55100F88958 /* CountdownView.swift in Sources */ = {isa = PBXBuildFile; fileRef = DA221D382C6FB55100F88958 /* CountdownView.swift */; };
		DA221D3C2C71C1E400F88958 /* CallView.swift in Sources */ = {isa = PBXBuildFile; fileRef = DA221D3B2C71C1E400F88958 /* CallView.swift */; };
		DA221D3F2C71C8DB00F88958 /* TrackingView.swift in Sources */ = {isa = PBXBuildFile; fileRef = DA221D3E2C71C8DB00F88958 /* TrackingView.swift */; };
		DA221D422C71CC3C00F88958 /* SOSActiveView.swift in Sources */ = {isa = PBXBuildFile; fileRef = DA221D412C71CC3C00F88958 /* SOSActiveView.swift */; };
		DA221D442C71CC7F00F88958 /* HBJumpView.swift in Sources */ = {isa = PBXBuildFile; fileRef = DA221D432C71CC7F00F88958 /* HBJumpView.swift */; };
		DA221D482C71DB4A00F88958 /* OverlayPlayerForTimeRemove.swift in Sources */ = {isa = PBXBuildFile; fileRef = DA221D472C71DB4A00F88958 /* OverlayPlayerForTimeRemove.swift */; };
		DA8B4A2C2C6B4BDF00BC5987 /* Home.swift in Sources */ = {isa = PBXBuildFile; fileRef = DA8B4A2B2C6B4BDF00BC5987 /* Home.swift */; };
		DA8B4A2F2C6B4E3500BC5987 /* HomeViewModel.swift in Sources */ = {isa = PBXBuildFile; fileRef = DA8B4A2E2C6B4E3500BC5987 /* HomeViewModel.swift */; };
		DA8B4A312C6B503400BC5987 /* HealthKitManager.swift in Sources */ = {isa = PBXBuildFile; fileRef = DA8B4A302C6B503400BC5987 /* HealthKitManager.swift */; };
		DA8B4A332C6B50AD00BC5987 /* HeartRateManager.swift in Sources */ = {isa = PBXBuildFile; fileRef = DA8B4A322C6B50AD00BC5987 /* HeartRateManager.swift */; };
		DA8B4A3E2C6B923400BC5987 /* NotificationManager.swift in Sources */ = {isa = PBXBuildFile; fileRef = DA8B4A3D2C6B923400BC5987 /* NotificationManager.swift */; };
		DA8B4A402C6B935F00BC5987 /* NotificationDelegate.swift in Sources */ = {isa = PBXBuildFile; fileRef = DA8B4A3F2C6B935F00BC5987 /* NotificationDelegate.swift */; };
		DA8B4A422C6BA3FE00BC5987 /* WatchToiOSConnector.swift in Sources */ = {isa = PBXBuildFile; fileRef = DA8B4A412C6BA3FE00BC5987 /* WatchToiOSConnector.swift */; };
		DA8B4A442C6BA48F00BC5987 /* iOSToWatchConnector.swift in Sources */ = {isa = PBXBuildFile; fileRef = DA8B4A432C6BA48F00BC5987 /* iOSToWatchConnector.swift */; };
		DA8B4A472C6BA53F00BC5987 /* WatchConnectivity.framework in Frameworks */ = {isa = PBXBuildFile; fileRef = DA8B4A462C6BA53F00BC5987 /* WatchConnectivity.framework */; };
		DA8B4A4B2C6BAE9D00BC5987 /* WatchConnectivity.framework in Frameworks */ = {isa = PBXBuildFile; fileRef = DA8B4A4A2C6BAE9D00BC5987 /* WatchConnectivity.framework */; };
		DA8B4A512C6CC07E00BC5987 /* NotificationManager.swift in Sources */ = {isa = PBXBuildFile; fileRef = DA8B4A3D2C6B923400BC5987 /* NotificationManager.swift */; };
		DA8B4A522C6CC08100BC5987 /* NotificationDelegate.swift in Sources */ = {isa = PBXBuildFile; fileRef = DA8B4A3F2C6B935F00BC5987 /* NotificationDelegate.swift */; };
		DD4C77512C6A59A800CEDFB2 /* SocketIO in Frameworks */ = {isa = PBXBuildFile; productRef = DD4C77502C6A59A800CEDFB2 /* SocketIO */; };
		DD4C775A2C6B017A00CEDFB2 /* SocketHelper.swift in Sources */ = {isa = PBXBuildFile; fileRef = DD4C77592C6B017A00CEDFB2 /* SocketHelper.swift */; };
		DD5574252C6DE175008F9B98 /* InputPinComponent.swift in Sources */ = {isa = PBXBuildFile; fileRef = DD5574242C6DE175008F9B98 /* InputPinComponent.swift */; };
		DD6D7FDC2C6C5DA50023A499 /* FirebaseFirestore in Frameworks */ = {isa = PBXBuildFile; productRef = DD6D7FDB2C6C5DA50023A499 /* FirebaseFirestore */; };
		DD6D7FDE2C6CC42C0023A499 /* User.swift in Sources */ = {isa = PBXBuildFile; fileRef = DD6D7FDD2C6CC42C0023A499 /* User.swift */; };
		DD6D7FE02C6CC8E80023A499 /* EmergencyContact.swift in Sources */ = {isa = PBXBuildFile; fileRef = DD6D7FDF2C6CC8E80023A499 /* EmergencyContact.swift */; };
		DD6D7FE32C6CCE8D0023A499 /* FirebaseServiceDataSourceProtocol.swift in Sources */ = {isa = PBXBuildFile; fileRef = DD6D7FE22C6CCE8D0023A499 /* FirebaseServiceDataSourceProtocol.swift */; };
		DD6D7FE52C6CD09B0023A499 /* FirebaseServiceDataSource.swift in Sources */ = {isa = PBXBuildFile; fileRef = DD6D7FE42C6CD09B0023A499 /* FirebaseServiceDataSource.swift */; };
		DD6D7FE72C6CD1A80023A499 /* FirebaseServiceRepositoryProtocol.swift in Sources */ = {isa = PBXBuildFile; fileRef = DD6D7FE62C6CD1A80023A499 /* FirebaseServiceRepositoryProtocol.swift */; };
		DD6D7FE92C6CD1CB0023A499 /* FirebaseServiceRepository.swift in Sources */ = {isa = PBXBuildFile; fileRef = DD6D7FE82C6CD1CB0023A499 /* FirebaseServiceRepository.swift */; };
		DD6D7FEC2C6CD5AA0023A499 /* FirebaseServiceUseCaseProtocol.swift in Sources */ = {isa = PBXBuildFile; fileRef = DD6D7FEB2C6CD5AA0023A499 /* FirebaseServiceUseCaseProtocol.swift */; };
		DD6D7FEE2C6CD6810023A499 /* FirebaseServiceUseCase.swift in Sources */ = {isa = PBXBuildFile; fileRef = DD6D7FED2C6CD6810023A499 /* FirebaseServiceUseCase.swift */; };
		DD6D7FF02C6CDCAC0023A499 /* DependencyInjection.swift in Sources */ = {isa = PBXBuildFile; fileRef = DD6D7FEF2C6CDCAC0023A499 /* DependencyInjection.swift */; };
		DD6D7FF32C6D114A0023A499 /* ProviderIdEnum.swift in Sources */ = {isa = PBXBuildFile; fileRef = DD6D7FF22C6D114A0023A499 /* ProviderIdEnum.swift */; };
		DD6D7FF52C6D1AE50023A499 /* MKCoordinateRegion+Extension.swift in Sources */ = {isa = PBXBuildFile; fileRef = DD6D7FF42C6D1AE50023A499 /* MKCoordinateRegion+Extension.swift */; };
		DD6D7FF72C6D1B360023A499 /* CLLocationCoordinate2D.swift in Sources */ = {isa = PBXBuildFile; fileRef = DD6D7FF62C6D1B360023A499 /* CLLocationCoordinate2D.swift */; };
		DD6D7FFA2C6D1BE30023A499 /* LiveTrackViewModel.swift in Sources */ = {isa = PBXBuildFile; fileRef = DD6D7FF92C6D1BE30023A499 /* LiveTrackViewModel.swift */; };
		DD6D7FFC2C6D1BFA0023A499 /* LiveTrack.swift in Sources */ = {isa = PBXBuildFile; fileRef = DD6D7FFB2C6D1BFA0023A499 /* LiveTrack.swift */; };
		DD6D7FFF2C6D1EF90023A499 /* UserDefaultDataSourceProtocol.swift in Sources */ = {isa = PBXBuildFile; fileRef = DD6D7FFE2C6D1EF90023A499 /* UserDefaultDataSourceProtocol.swift */; };
		DD6D80012C6D1F890023A499 /* UserDefaultDataSource.swift in Sources */ = {isa = PBXBuildFile; fileRef = DD6D80002C6D1F890023A499 /* UserDefaultDataSource.swift */; };
		DD6D80042C6D21690023A499 /* UserDefaultRepositoryProtocol.swift in Sources */ = {isa = PBXBuildFile; fileRef = DD6D80032C6D21690023A499 /* UserDefaultRepositoryProtocol.swift */; };
		DD6D80062C6D21890023A499 /* UserDefaultRepository.swift in Sources */ = {isa = PBXBuildFile; fileRef = DD6D80052C6D21890023A499 /* UserDefaultRepository.swift */; };
		DD6D80092C6D222E0023A499 /* UserDefaultUseCaseProtocol.swift in Sources */ = {isa = PBXBuildFile; fileRef = DD6D80082C6D222E0023A499 /* UserDefaultUseCaseProtocol.swift */; };
		DD6D800B2C6D23010023A499 /* UserDefaultUseCase.swift in Sources */ = {isa = PBXBuildFile; fileRef = DD6D800A2C6D23010023A499 /* UserDefaultUseCase.swift */; };
		DD6D800D2C6D238E0023A499 /* KeyUserDefaultEnum.swift in Sources */ = {isa = PBXBuildFile; fileRef = DD6D800C2C6D238E0023A499 /* KeyUserDefaultEnum.swift */; };
		DDA830142C72560C000F4724 /* DeactivateView.swift in Sources */ = {isa = PBXBuildFile; fileRef = DDA830112C72560C000F4724 /* DeactivateView.swift */; };
		DDA830152C72560C000F4724 /* DeactivateViewModel.swift in Sources */ = {isa = PBXBuildFile; fileRef = DDA830122C72560C000F4724 /* DeactivateViewModel.swift */; };
		DDEB4B102C68C32F00375460 /* LoginView.swift in Sources */ = {isa = PBXBuildFile; fileRef = DDEB4B0F2C68C32F00375460 /* LoginView.swift */; };
		DDEB4B132C68C53000375460 /* FirebaseAuth in Frameworks */ = {isa = PBXBuildFile; productRef = DDEB4B122C68C53000375460 /* FirebaseAuth */; };
		DDEB4B162C68C55B00375460 /* GoogleSignIn in Frameworks */ = {isa = PBXBuildFile; productRef = DDEB4B152C68C55B00375460 /* GoogleSignIn */; };
		DDEB4B182C68C55B00375460 /* GoogleSignInSwift in Frameworks */ = {isa = PBXBuildFile; productRef = DDEB4B172C68C55B00375460 /* GoogleSignInSwift */; };
		DDEB4B202C68CE9000375460 /* LoginViewModel.swift in Sources */ = {isa = PBXBuildFile; fileRef = DDEB4B1F2C68CE9000375460 /* LoginViewModel.swift */; };
		DDEB4B232C68D07200375460 /* RandomNonceString.swift in Sources */ = {isa = PBXBuildFile; fileRef = DDEB4B222C68D07200375460 /* RandomNonceString.swift */; };
		DDEB4B252C68D08E00375460 /* SHA256.swift in Sources */ = {isa = PBXBuildFile; fileRef = DDEB4B242C68D08E00375460 /* SHA256.swift */; };
		DDEB4B2C2C69146300375460 /* UIApplication+Extension.swift in Sources */ = {isa = PBXBuildFile; fileRef = DDEB4B2B2C69146300375460 /* UIApplication+Extension.swift */; };
		DDF91F192C7256E10072CCB1 /* NotificationTypeEnum.swift in Sources */ = {isa = PBXBuildFile; fileRef = DDF91F182C7256E10072CCB1 /* NotificationTypeEnum.swift */; };
		DDF91F1C2C7259340072CCB1 /* NotificationTypeEnum.swift in Sources */ = {isa = PBXBuildFile; fileRef = DDF91F1B2C7259340072CCB1 /* NotificationTypeEnum.swift */; };
/* End PBXBuildFile section */

/* Begin PBXContainerItemProxy section */
		20190CFC2C6A336B001A2AB6 /* PBXContainerItemProxy */ = {
			isa = PBXContainerItemProxy;
			containerPortal = 2058D1512C65C65200D0557D /* Project object */;
			proxyType = 1;
			remoteGlobalIDString = 20190CF02C6A336A001A2AB6;
			remoteInfo = "WatchMC3 Watch App";
		};
/* End PBXContainerItemProxy section */

/* Begin PBXCopyFilesBuildPhase section */
		20190CFF2C6A336B001A2AB6 /* Embed Watch Content */ = {
			isa = PBXCopyFilesBuildPhase;
			buildActionMask = 2147483647;
			dstPath = "$(CONTENTS_FOLDER_PATH)/Watch";
			dstSubfolderSpec = 16;
			files = (
				20190CFE2C6A336B001A2AB6 /* WatchMC3 Watch App.app in Embed Watch Content */,
			);
			name = "Embed Watch Content";
			runOnlyForDeploymentPostprocessing = 0;
		};
/* End PBXCopyFilesBuildPhase section */

/* Begin PBXFileReference section */
		20190CF12C6A336A001A2AB6 /* WatchMC3 Watch App.app */ = {isa = PBXFileReference; explicitFileType = wrapper.application; includeInIndex = 0; path = "WatchMC3 Watch App.app"; sourceTree = BUILT_PRODUCTS_DIR; };
		20190CF32C6A336B001A2AB6 /* WatchMC3App.swift */ = {isa = PBXFileReference; lastKnownFileType = sourcecode.swift; path = WatchMC3App.swift; sourceTree = "<group>"; };
		20190CF72C6A336B001A2AB6 /* Assets.xcassets */ = {isa = PBXFileReference; lastKnownFileType = folder.assetcatalog; path = Assets.xcassets; sourceTree = "<group>"; };
		20190CFA2C6A336B001A2AB6 /* Preview Assets.xcassets */ = {isa = PBXFileReference; lastKnownFileType = folder.assetcatalog; path = "Preview Assets.xcassets"; sourceTree = "<group>"; };
		201FB0732C6D9AE400058A95 /* EmergencyContactViewModel.swift */ = {isa = PBXFileReference; lastKnownFileType = sourcecode.swift; path = EmergencyContactViewModel.swift; sourceTree = "<group>"; };
		201FB0752C6DC32F00058A95 /* ContactPickerView.swift */ = {isa = PBXFileReference; lastKnownFileType = sourcecode.swift; path = ContactPickerView.swift; sourceTree = "<group>"; };
		203AB9A42C6C710A00D7AD86 /* MC3.entitlements */ = {isa = PBXFileReference; lastKnownFileType = text.plist.entitlements; path = MC3.entitlements; sourceTree = "<group>"; };
		203AB9A52C6C712B00D7AD86 /* Info.plist */ = {isa = PBXFileReference; lastKnownFileType = text.plist; path = Info.plist; sourceTree = "<group>"; };
		2058D1592C65C65200D0557D /* MC3.app */ = {isa = PBXFileReference; explicitFileType = wrapper.application; includeInIndex = 0; path = MC3.app; sourceTree = BUILT_PRODUCTS_DIR; };
		2058D15C2C65C65200D0557D /* MC3App.swift */ = {isa = PBXFileReference; lastKnownFileType = sourcecode.swift; path = MC3App.swift; sourceTree = "<group>"; };
		2058D15E2C65C65200D0557D /* ContentView.swift */ = {isa = PBXFileReference; lastKnownFileType = sourcecode.swift; path = ContentView.swift; sourceTree = "<group>"; };
		2058D1602C65C65400D0557D /* Assets.xcassets */ = {isa = PBXFileReference; lastKnownFileType = folder.assetcatalog; path = Assets.xcassets; sourceTree = "<group>"; };
		2058D1632C65C65400D0557D /* Preview Assets.xcassets */ = {isa = PBXFileReference; lastKnownFileType = folder.assetcatalog; path = "Preview Assets.xcassets"; sourceTree = "<group>"; };
		206A2CFE2C6EA40500287FD0 /* FCMTokenManager.swift */ = {isa = PBXFileReference; lastKnownFileType = sourcecode.swift; path = FCMTokenManager.swift; sourceTree = "<group>"; };
		207BA4812C6D905D00B9B3FC /* MessageNotificationViewModel.swift */ = {isa = PBXFileReference; lastKnownFileType = sourcecode.swift; path = MessageNotificationViewModel.swift; sourceTree = "<group>"; };
		207BA4832C6D930200B9B3FC /* AddEmergencyContactView.swift */ = {isa = PBXFileReference; lastKnownFileType = sourcecode.swift; path = AddEmergencyContactView.swift; sourceTree = "<group>"; };
		20D4DA972C6E59A4009E73D7 /* NoAlertsView.swift */ = {isa = PBXFileReference; fileEncoding = 4; lastKnownFileType = sourcecode.swift; path = NoAlertsView.swift; sourceTree = "<group>"; };
		20D4DA982C6E59A4009E73D7 /* SOSView.swift */ = {isa = PBXFileReference; fileEncoding = 4; lastKnownFileType = sourcecode.swift; path = SOSView.swift; sourceTree = "<group>"; };
		20D4DA992C6E59A4009E73D7 /* HomeView.swift */ = {isa = PBXFileReference; fileEncoding = 4; lastKnownFileType = sourcecode.swift; path = HomeView.swift; sourceTree = "<group>"; };
		20D4DA9A2C6E59A4009E73D7 /* CountdownView.swift */ = {isa = PBXFileReference; fileEncoding = 4; lastKnownFileType = sourcecode.swift; path = CountdownView.swift; sourceTree = "<group>"; };
		20D4DA9B2C6E59A4009E73D7 /* PinInputView.swift */ = {isa = PBXFileReference; fileEncoding = 4; lastKnownFileType = sourcecode.swift; path = PinInputView.swift; sourceTree = "<group>"; };
		20D4DA9C2C6E59A4009E73D7 /* ProfileView.swift */ = {isa = PBXFileReference; fileEncoding = 4; lastKnownFileType = sourcecode.swift; path = ProfileView.swift; sourceTree = "<group>"; };
		20F585022C6DD28F00114E3D /* AddContactsView.swift */ = {isa = PBXFileReference; fileEncoding = 4; lastKnownFileType = sourcecode.swift; path = AddContactsView.swift; sourceTree = "<group>"; };
		20F585062C6DD28F00114E3D /* OnboardingView.swift */ = {isa = PBXFileReference; fileEncoding = 4; lastKnownFileType = sourcecode.swift; path = OnboardingView.swift; sourceTree = "<group>"; };
		20F95A5F2C6E1073005B3DA1 /* HomepageView.swift */ = {isa = PBXFileReference; lastKnownFileType = sourcecode.swift; name = HomepageView.swift; path = MC3/Presentation/Homepage/HomepageView.swift; sourceTree = SOURCE_ROOT; };
		20F95A612C6E1073005B3DA1 /* LocationManagerViewModel.swift */ = {isa = PBXFileReference; lastKnownFileType = sourcecode.swift; name = LocationManagerViewModel.swift; path = MC3/Presentation/Homepage/LocationManagerViewModel.swift; sourceTree = SOURCE_ROOT; };
		20F95A632C6E1073005B3DA1 /* HomepageViewModel.swift */ = {isa = PBXFileReference; lastKnownFileType = sourcecode.swift; name = HomepageViewModel.swift; path = MC3/Presentation/Homepage/HomepageViewModel.swift; sourceTree = SOURCE_ROOT; };
		20F95A692C6E11A5005B3DA1 /* GoogleService-Info.plist */ = {isa = PBXFileReference; fileEncoding = 4; lastKnownFileType = text.plist.xml; path = "GoogleService-Info.plist"; sourceTree = "<group>"; };
		81D078F82C6C52FC00ACE61E /* OnboardingView.swift */ = {isa = PBXFileReference; lastKnownFileType = sourcecode.swift; name = OnboardingView.swift; path = MC3/OnboardingView.swift; sourceTree = SOURCE_ROOT; };
		81D078FC2C6C537E00ACE61E /* AddContactsView.swift */ = {isa = PBXFileReference; lastKnownFileType = sourcecode.swift; name = AddContactsView.swift; path = MC3/AddContactsView.swift; sourceTree = SOURCE_ROOT; };
		81D079062C6DE1E100ACE61E /* HomeView.swift */ = {isa = PBXFileReference; lastKnownFileType = sourcecode.swift; name = HomeView.swift; path = MC3/HomeView.swift; sourceTree = SOURCE_ROOT; };
		81D079082C6DE1EB00ACE61E /* LiveTrackView.swift */ = {isa = PBXFileReference; lastKnownFileType = sourcecode.swift; name = LiveTrackView.swift; path = MC3/LiveTrackView.swift; sourceTree = SOURCE_ROOT; };
		81D0790A2C6DE1F400ACE61E /* SOSView.swift */ = {isa = PBXFileReference; lastKnownFileType = sourcecode.swift; name = SOSView.swift; path = MC3/SOSView.swift; sourceTree = SOURCE_ROOT; };
		81D0790C2C6DE20A00ACE61E /* ProfileView.swift */ = {isa = PBXFileReference; lastKnownFileType = sourcecode.swift; name = ProfileView.swift; path = MC3/ProfileView.swift; sourceTree = SOURCE_ROOT; };
		81D079102C6DEB7700ACE61E /* NoAlertsView.swift */ = {isa = PBXFileReference; lastKnownFileType = sourcecode.swift; name = NoAlertsView.swift; path = MC3/NoAlertsView.swift; sourceTree = SOURCE_ROOT; };
		81D079122C6DF04E00ACE61E /* CountdownView.swift */ = {isa = PBXFileReference; lastKnownFileType = sourcecode.swift; name = CountdownView.swift; path = MC3/CountdownView.swift; sourceTree = SOURCE_ROOT; };
		81D079142C6DFD1500ACE61E /* PinInputView.swift */ = {isa = PBXFileReference; lastKnownFileType = sourcecode.swift; name = PinInputView.swift; path = MC3/PinInputView.swift; sourceTree = SOURCE_ROOT; };
		DA1908382C6E0EA40087FA23 /* EmergencyViewModel.swift */ = {isa = PBXFileReference; lastKnownFileType = sourcecode.swift; name = EmergencyViewModel.swift; path = Views/Home/EmergencyViewModel.swift; sourceTree = SOURCE_ROOT; };
		DA19083E2C6E44C20087FA23 /* Router.swift */ = {isa = PBXFileReference; lastKnownFileType = sourcecode.swift; name = Router.swift; path = Views/Home/Router.swift; sourceTree = SOURCE_ROOT; };
		DA221D2D2C6F9BB700F88958 /* WatchMC3-Watch-App-Info.plist */ = {isa = PBXFileReference; lastKnownFileType = text.plist; path = "WatchMC3-Watch-App-Info.plist"; sourceTree = SOURCE_ROOT; };
		DA221D302C6FA7B300F88958 /* AllViews.swift */ = {isa = PBXFileReference; lastKnownFileType = sourcecode.swift; name = AllViews.swift; path = Views/AllViews.swift; sourceTree = SOURCE_ROOT; };
		DA221D352C6FA93700F88958 /* SettingsView.swift */ = {isa = PBXFileReference; lastKnownFileType = sourcecode.swift; name = SettingsView.swift; path = Views/Settings/SettingsView.swift; sourceTree = SOURCE_ROOT; };
		DA221D382C6FB55100F88958 /* CountdownView.swift */ = {isa = PBXFileReference; lastKnownFileType = sourcecode.swift; name = CountdownView.swift; path = "WatchMC3 Watch App/Presentation/Views/Countdown/CountdownView.swift"; sourceTree = SOURCE_ROOT; };
		DA221D3B2C71C1E400F88958 /* CallView.swift */ = {isa = PBXFileReference; lastKnownFileType = sourcecode.swift; path = CallView.swift; sourceTree = "<group>"; };
		DA221D3E2C71C8DB00F88958 /* TrackingView.swift */ = {isa = PBXFileReference; lastKnownFileType = sourcecode.swift; name = TrackingView.swift; path = "WatchMC3 Watch App/Presentation/Views/TrackingView.swift"; sourceTree = SOURCE_ROOT; };
		DA221D412C71CC3C00F88958 /* SOSActiveView.swift */ = {isa = PBXFileReference; lastKnownFileType = sourcecode.swift; path = SOSActiveView.swift; sourceTree = "<group>"; };
		DA221D432C71CC7F00F88958 /* HBJumpView.swift */ = {isa = PBXFileReference; lastKnownFileType = sourcecode.swift; path = HBJumpView.swift; sourceTree = "<group>"; };
		DA221D472C71DB4A00F88958 /* OverlayPlayerForTimeRemove.swift */ = {isa = PBXFileReference; lastKnownFileType = sourcecode.swift; name = OverlayPlayerForTimeRemove.swift; path = Utils/OverlayPlayerForTimeRemove.swift; sourceTree = SOURCE_ROOT; };
		DA8B4A2B2C6B4BDF00BC5987 /* Home.swift */ = {isa = PBXFileReference; lastKnownFileType = sourcecode.swift; name = Home.swift; path = Views/Home/Home.swift; sourceTree = SOURCE_ROOT; };
		DA8B4A2E2C6B4E3500BC5987 /* HomeViewModel.swift */ = {isa = PBXFileReference; lastKnownFileType = sourcecode.swift; name = HomeViewModel.swift; path = Views/Home/HomeViewModel.swift; sourceTree = SOURCE_ROOT; };
		DA8B4A302C6B503400BC5987 /* HealthKitManager.swift */ = {isa = PBXFileReference; lastKnownFileType = sourcecode.swift; name = HealthKitManager.swift; path = Views/Home/HealthKitManager.swift; sourceTree = SOURCE_ROOT; };
		DA8B4A322C6B50AD00BC5987 /* HeartRateManager.swift */ = {isa = PBXFileReference; lastKnownFileType = sourcecode.swift; name = HeartRateManager.swift; path = Views/Home/HeartRateManager.swift; sourceTree = SOURCE_ROOT; };
		DA8B4A362C6B550100BC5987 /* WatchMC3 Watch App.entitlements */ = {isa = PBXFileReference; lastKnownFileType = text.plist.entitlements; path = "WatchMC3 Watch App.entitlements"; sourceTree = "<group>"; };
		DA8B4A3D2C6B923400BC5987 /* NotificationManager.swift */ = {isa = PBXFileReference; lastKnownFileType = sourcecode.swift; name = NotificationManager.swift; path = Shared/NotificationManager.swift; sourceTree = SOURCE_ROOT; };
		DA8B4A3F2C6B935F00BC5987 /* NotificationDelegate.swift */ = {isa = PBXFileReference; lastKnownFileType = sourcecode.swift; name = NotificationDelegate.swift; path = Shared/NotificationDelegate.swift; sourceTree = SOURCE_ROOT; };
		DA8B4A412C6BA3FE00BC5987 /* WatchToiOSConnector.swift */ = {isa = PBXFileReference; lastKnownFileType = sourcecode.swift; name = WatchToiOSConnector.swift; path = MC3/WatchToiOSConnector.swift; sourceTree = SOURCE_ROOT; };
		DA8B4A432C6BA48F00BC5987 /* iOSToWatchConnector.swift */ = {isa = PBXFileReference; lastKnownFileType = sourcecode.swift; name = iOSToWatchConnector.swift; path = MC3/Common/iOSToWatchConnector.swift; sourceTree = SOURCE_ROOT; };
		DA8B4A462C6BA53F00BC5987 /* WatchConnectivity.framework */ = {isa = PBXFileReference; lastKnownFileType = wrapper.framework; name = WatchConnectivity.framework; path = Platforms/WatchOS.platform/Developer/SDKs/WatchOS10.2.sdk/System/Library/Frameworks/WatchConnectivity.framework; sourceTree = DEVELOPER_DIR; };
		DA8B4A4A2C6BAE9D00BC5987 /* WatchConnectivity.framework */ = {isa = PBXFileReference; lastKnownFileType = wrapper.framework; name = WatchConnectivity.framework; path = System/Library/Frameworks/WatchConnectivity.framework; sourceTree = SDKROOT; };
		DD4C77592C6B017A00CEDFB2 /* SocketHelper.swift */ = {isa = PBXFileReference; lastKnownFileType = sourcecode.swift; path = SocketHelper.swift; sourceTree = "<group>"; };
		DD5574242C6DE175008F9B98 /* InputPinComponent.swift */ = {isa = PBXFileReference; lastKnownFileType = sourcecode.swift; path = InputPinComponent.swift; sourceTree = "<group>"; };
		DD6D7FDD2C6CC42C0023A499 /* User.swift */ = {isa = PBXFileReference; lastKnownFileType = sourcecode.swift; name = User.swift; path = MC3/Presentation/Homepage/User.swift; sourceTree = SOURCE_ROOT; };
		DD6D7FDF2C6CC8E80023A499 /* EmergencyContact.swift */ = {isa = PBXFileReference; lastKnownFileType = sourcecode.swift; name = EmergencyContact.swift; path = MC3/Presentation/Homepage/EmergencyContact.swift; sourceTree = SOURCE_ROOT; };
		DD6D7FE22C6CCE8D0023A499 /* FirebaseServiceDataSourceProtocol.swift */ = {isa = PBXFileReference; lastKnownFileType = sourcecode.swift; name = FirebaseServiceDataSourceProtocol.swift; path = MC3/Presentation/Homepage/FirebaseServiceDataSourceProtocol.swift; sourceTree = SOURCE_ROOT; };
		DD6D7FE42C6CD09B0023A499 /* FirebaseServiceDataSource.swift */ = {isa = PBXFileReference; lastKnownFileType = sourcecode.swift; name = FirebaseServiceDataSource.swift; path = MC3/Presentation/Homepage/FirebaseServiceDataSource.swift; sourceTree = SOURCE_ROOT; };
		DD6D7FE62C6CD1A80023A499 /* FirebaseServiceRepositoryProtocol.swift */ = {isa = PBXFileReference; lastKnownFileType = sourcecode.swift; name = FirebaseServiceRepositoryProtocol.swift; path = MC3/Presentation/Homepage/FirebaseServiceRepositoryProtocol.swift; sourceTree = SOURCE_ROOT; };
		DD6D7FE82C6CD1CB0023A499 /* FirebaseServiceRepository.swift */ = {isa = PBXFileReference; lastKnownFileType = sourcecode.swift; name = FirebaseServiceRepository.swift; path = MC3/Presentation/Homepage/FirebaseServiceRepository.swift; sourceTree = SOURCE_ROOT; };
		DD6D7FEB2C6CD5AA0023A499 /* FirebaseServiceUseCaseProtocol.swift */ = {isa = PBXFileReference; lastKnownFileType = sourcecode.swift; name = FirebaseServiceUseCaseProtocol.swift; path = UseCases/Firebase/FirebaseServiceUseCaseProtocol.swift; sourceTree = SOURCE_ROOT; };
		DD6D7FED2C6CD6810023A499 /* FirebaseServiceUseCase.swift */ = {isa = PBXFileReference; lastKnownFileType = sourcecode.swift; name = FirebaseServiceUseCase.swift; path = UseCases/Firebase/FirebaseServiceUseCase.swift; sourceTree = SOURCE_ROOT; };
		DD6D7FEF2C6CDCAC0023A499 /* DependencyInjection.swift */ = {isa = PBXFileReference; lastKnownFileType = sourcecode.swift; name = DependencyInjection.swift; path = UseCases/Firebase/DependencyInjection.swift; sourceTree = SOURCE_ROOT; };
		DD6D7FF22C6D114A0023A499 /* ProviderIdEnum.swift */ = {isa = PBXFileReference; lastKnownFileType = sourcecode.swift; name = ProviderIdEnum.swift; path = Entities/Enum/ProviderIdEnum.swift; sourceTree = SOURCE_ROOT; };
		DD6D7FF42C6D1AE50023A499 /* MKCoordinateRegion+Extension.swift */ = {isa = PBXFileReference; lastKnownFileType = sourcecode.swift; name = "MKCoordinateRegion+Extension.swift"; path = "Entities/Enum/MKCoordinateRegion+Extension.swift"; sourceTree = SOURCE_ROOT; };
		DD6D7FF62C6D1B360023A499 /* CLLocationCoordinate2D.swift */ = {isa = PBXFileReference; lastKnownFileType = sourcecode.swift; name = CLLocationCoordinate2D.swift; path = Entities/Enum/CLLocationCoordinate2D.swift; sourceTree = SOURCE_ROOT; };
		DD6D7FF92C6D1BE30023A499 /* LiveTrackViewModel.swift */ = {isa = PBXFileReference; lastKnownFileType = sourcecode.swift; path = LiveTrackViewModel.swift; sourceTree = "<group>"; };
		DD6D7FFB2C6D1BFA0023A499 /* LiveTrack.swift */ = {isa = PBXFileReference; lastKnownFileType = sourcecode.swift; path = LiveTrack.swift; sourceTree = "<group>"; };
		DD6D7FFE2C6D1EF90023A499 /* UserDefaultDataSourceProtocol.swift */ = {isa = PBXFileReference; lastKnownFileType = sourcecode.swift; name = UserDefaultDataSourceProtocol.swift; path = DataSources/Local/UserDefaultDataSourceProtocol.swift; sourceTree = SOURCE_ROOT; };
		DD6D80002C6D1F890023A499 /* UserDefaultDataSource.swift */ = {isa = PBXFileReference; lastKnownFileType = sourcecode.swift; name = UserDefaultDataSource.swift; path = DataSources/Local/UserDefaultDataSource.swift; sourceTree = SOURCE_ROOT; };
		DD6D80032C6D21690023A499 /* UserDefaultRepositoryProtocol.swift */ = {isa = PBXFileReference; lastKnownFileType = sourcecode.swift; name = UserDefaultRepositoryProtocol.swift; path = Repositories/Local/UserDefaultRepositoryProtocol.swift; sourceTree = SOURCE_ROOT; };
		DD6D80052C6D21890023A499 /* UserDefaultRepository.swift */ = {isa = PBXFileReference; lastKnownFileType = sourcecode.swift; name = UserDefaultRepository.swift; path = Repositories/Local/UserDefaultRepository.swift; sourceTree = SOURCE_ROOT; };
		DD6D80082C6D222E0023A499 /* UserDefaultUseCaseProtocol.swift */ = {isa = PBXFileReference; lastKnownFileType = sourcecode.swift; name = UserDefaultUseCaseProtocol.swift; path = UseCases/UserDefaultUseCases/UserDefaultUseCaseProtocol.swift; sourceTree = SOURCE_ROOT; };
		DD6D800A2C6D23010023A499 /* UserDefaultUseCase.swift */ = {isa = PBXFileReference; lastKnownFileType = sourcecode.swift; name = UserDefaultUseCase.swift; path = UseCases/UserDefaultUseCases/UserDefaultUseCase.swift; sourceTree = SOURCE_ROOT; };
		DD6D800C2C6D238E0023A499 /* KeyUserDefaultEnum.swift */ = {isa = PBXFileReference; lastKnownFileType = sourcecode.swift; name = KeyUserDefaultEnum.swift; path = Entities/Enum/KeyUserDefaultEnum.swift; sourceTree = SOURCE_ROOT; };
		DDA830112C72560C000F4724 /* DeactivateView.swift */ = {isa = PBXFileReference; fileEncoding = 4; lastKnownFileType = sourcecode.swift; path = DeactivateView.swift; sourceTree = "<group>"; };
		DDA830122C72560C000F4724 /* DeactivateViewModel.swift */ = {isa = PBXFileReference; fileEncoding = 4; lastKnownFileType = sourcecode.swift; path = DeactivateViewModel.swift; sourceTree = "<group>"; };
		DDEB4B0F2C68C32F00375460 /* LoginView.swift */ = {isa = PBXFileReference; lastKnownFileType = sourcecode.swift; path = LoginView.swift; sourceTree = "<group>"; };
		DDEB4B1F2C68CE9000375460 /* LoginViewModel.swift */ = {isa = PBXFileReference; lastKnownFileType = sourcecode.swift; path = LoginViewModel.swift; sourceTree = "<group>"; };
		DDEB4B222C68D07200375460 /* RandomNonceString.swift */ = {isa = PBXFileReference; lastKnownFileType = sourcecode.swift; name = RandomNonceString.swift; path = Utils/Auth/RandomNonceString.swift; sourceTree = SOURCE_ROOT; };
		DDEB4B242C68D08E00375460 /* SHA256.swift */ = {isa = PBXFileReference; lastKnownFileType = sourcecode.swift; name = SHA256.swift; path = Utils/Auth/SHA256.swift; sourceTree = SOURCE_ROOT; };
		DDEB4B2B2C69146300375460 /* UIApplication+Extension.swift */ = {isa = PBXFileReference; lastKnownFileType = sourcecode.swift; name = "UIApplication+Extension.swift"; path = "MC3/Presentation/Homepage/UIApplication+Extension.swift"; sourceTree = SOURCE_ROOT; };
		DDF91F182C7256E10072CCB1 /* NotificationTypeEnum.swift */ = {isa = PBXFileReference; lastKnownFileType = sourcecode.swift; name = NotificationTypeEnum.swift; path = Entities/Enum/NotificationTypeEnum.swift; sourceTree = SOURCE_ROOT; };
		DDF91F1B2C7259340072CCB1 /* NotificationTypeEnum.swift */ = {isa = PBXFileReference; lastKnownFileType = sourcecode.swift; name = NotificationTypeEnum.swift; path = Entities/NotificationTypeEnum.swift; sourceTree = SOURCE_ROOT; };
/* End PBXFileReference section */

/* Begin PBXFrameworksBuildPhase section */
		20190CEE2C6A336A001A2AB6 /* Frameworks */ = {
			isa = PBXFrameworksBuildPhase;
			buildActionMask = 2147483647;
			files = (
				DA8B4A472C6BA53F00BC5987 /* WatchConnectivity.framework in Frameworks */,
			);
			runOnlyForDeploymentPostprocessing = 0;
		};
		2058D1562C65C65200D0557D /* Frameworks */ = {
			isa = PBXFrameworksBuildPhase;
			buildActionMask = 2147483647;
			files = (
				DA8B4A4B2C6BAE9D00BC5987 /* WatchConnectivity.framework in Frameworks */,
				DDEB4B182C68C55B00375460 /* GoogleSignInSwift in Frameworks */,
				DD4C77512C6A59A800CEDFB2 /* SocketIO in Frameworks */,
				DDEB4B132C68C53000375460 /* FirebaseAuth in Frameworks */,
				DD6D7FDC2C6C5DA50023A499 /* FirebaseFirestore in Frameworks */,
				DDEB4B162C68C55B00375460 /* GoogleSignIn in Frameworks */,
				207BA47B2C6CF90E00B9B3FC /* FirebaseMessaging in Frameworks */,
			);
			runOnlyForDeploymentPostprocessing = 0;
		};
/* End PBXFrameworksBuildPhase section */

/* Begin PBXGroup section */
		20190CF22C6A336A001A2AB6 /* WatchMC3 Watch App */ = {
			isa = PBXGroup;
			children = (
				DA221D2D2C6F9BB700F88958 /* WatchMC3-Watch-App-Info.plist */,
				DA8B4A362C6B550100BC5987 /* WatchMC3 Watch App.entitlements */,
				20190D062C6A339D001A2AB6 /* Common */,
				20190D052C6A3396001A2AB6 /* Data */,
				20190D042C6A338C001A2AB6 /* Domain */,
				20190D032C6A3382001A2AB6 /* Presentation */,
				20190CF32C6A336B001A2AB6 /* WatchMC3App.swift */,
				20190CF72C6A336B001A2AB6 /* Assets.xcassets */,
				20190CF92C6A336B001A2AB6 /* Preview Content */,
			);
			path = "WatchMC3 Watch App";
			sourceTree = "<group>";
		};
		20190CF92C6A336B001A2AB6 /* Preview Content */ = {
			isa = PBXGroup;
			children = (
				20190CFA2C6A336B001A2AB6 /* Preview Assets.xcassets */,
			);
			path = "Preview Content";
			sourceTree = "<group>";
		};
		20190D032C6A3382001A2AB6 /* Presentation */ = {
			isa = PBXGroup;
			children = (
				20190D082C6A33AB001A2AB6 /* Views */,
			);
			path = Presentation;
			sourceTree = "<group>";
		};
		20190D042C6A338C001A2AB6 /* Domain */ = {
			isa = PBXGroup;
			children = (
				20190D0A2C6A33BC001A2AB6 /* Entities */,
				20190D092C6A33B5001A2AB6 /* UseCases */,
			);
			path = Domain;
			sourceTree = "<group>";
		};
		20190D052C6A3396001A2AB6 /* Data */ = {
			isa = PBXGroup;
			children = (
				20190D0C2C6A33D1001A2AB6 /* Repositories */,
				20190D0B2C6A33C6001A2AB6 /* DataSources */,
			);
			path = Data;
			sourceTree = "<group>";
		};
		20190D062C6A339D001A2AB6 /* Common */ = {
			isa = PBXGroup;
			children = (
				DA8B4A302C6B503400BC5987 /* HealthKitManager.swift */,
				DA8B4A322C6B50AD00BC5987 /* HeartRateManager.swift */,
				DA8B4A412C6BA3FE00BC5987 /* WatchToiOSConnector.swift */,
				20190D0E2C6A33E7001A2AB6 /* Utils */,
				20190D0D2C6A33DB001A2AB6 /* Extensions */,
			);
			path = Common;
			sourceTree = "<group>";
		};
		20190D082C6A33AB001A2AB6 /* Views */ = {
			isa = PBXGroup;
			children = (
				DA221D302C6FA7B300F88958 /* AllViews.swift */,
				DDA830132C72560C000F4724 /* DeactivateSession */,
				DA8B4A2D2C6B4D2D00BC5987 /* Home */,
				DA221D3A2C71C1B400F88958 /* Call */,
				DA221D322C6FA8F100F88958 /* Settings */,
				DA221D372C6FB51000F88958 /* Countdown */,
			);
			path = Views;
			sourceTree = "<group>";
		};
		20190D092C6A33B5001A2AB6 /* UseCases */ = {
			isa = PBXGroup;
			children = (
				DA19083E2C6E44C20087FA23 /* Router.swift */,
			);
			path = UseCases;
			sourceTree = "<group>";
		};
		20190D0A2C6A33BC001A2AB6 /* Entities */ = {
			isa = PBXGroup;
			children = (
				DDF91F1B2C7259340072CCB1 /* NotificationTypeEnum.swift */,
			);
			path = Entities;
			sourceTree = "<group>";
		};
		20190D0B2C6A33C6001A2AB6 /* DataSources */ = {
			isa = PBXGroup;
			children = (
			);
			path = DataSources;
			sourceTree = "<group>";
		};
		20190D0C2C6A33D1001A2AB6 /* Repositories */ = {
			isa = PBXGroup;
			children = (
			);
			path = Repositories;
			sourceTree = "<group>";
		};
		20190D0D2C6A33DB001A2AB6 /* Extensions */ = {
			isa = PBXGroup;
			children = (
			);
			path = Extensions;
			sourceTree = "<group>";
		};
		20190D0E2C6A33E7001A2AB6 /* Utils */ = {
			isa = PBXGroup;
			children = (
				DA221D472C71DB4A00F88958 /* OverlayPlayerForTimeRemove.swift */,
			);
			path = Utils;
			sourceTree = "<group>";
		};
		201FB0722C6D9AB900058A95 /* EmergencyContact */ = {
			isa = PBXGroup;
			children = (
				207BA4832C6D930200B9B3FC /* AddEmergencyContactView.swift */,
				201FB0732C6D9AE400058A95 /* EmergencyContactViewModel.swift */,
				201FB0752C6DC32F00058A95 /* ContactPickerView.swift */,
			);
			path = EmergencyContact;
			sourceTree = "<group>";
		};
		2058D1502C65C65200D0557D = {
			isa = PBXGroup;
			children = (
				DA8B4A502C6CBEF500BC5987 /* Shared */,
				2058D15B2C65C65200D0557D /* MC3 */,
				20190CF22C6A336A001A2AB6 /* WatchMC3 Watch App */,
				2058D15A2C65C65200D0557D /* Products */,
				DD6D7FDA2C6C5DA50023A499 /* Frameworks */,
				209E78782C6F42F200510BD4 /* Recovered References */,
			);
			sourceTree = "<group>";
		};
		2058D15A2C65C65200D0557D /* Products */ = {
			isa = PBXGroup;
			children = (
				2058D1592C65C65200D0557D /* MC3.app */,
				20190CF12C6A336A001A2AB6 /* WatchMC3 Watch App.app */,
			);
			name = Products;
			sourceTree = "<group>";
		};
		2058D15B2C65C65200D0557D /* MC3 */ = {
			isa = PBXGroup;
			children = (
				20F585022C6DD28F00114E3D /* AddContactsView.swift */,
				20F585062C6DD28F00114E3D /* OnboardingView.swift */,
				20D4DA9A2C6E59A4009E73D7 /* CountdownView.swift */,
				20D4DA992C6E59A4009E73D7 /* HomeView.swift */,
				20D4DA972C6E59A4009E73D7 /* NoAlertsView.swift */,
				20D4DA9B2C6E59A4009E73D7 /* PinInputView.swift */,
				20D4DA9C2C6E59A4009E73D7 /* ProfileView.swift */,
				20D4DA982C6E59A4009E73D7 /* SOSView.swift */,
				203AB9A52C6C712B00D7AD86 /* Info.plist */,
				20F95A692C6E11A5005B3DA1 /* GoogleService-Info.plist */,
				203AB9A42C6C710A00D7AD86 /* MC3.entitlements */,
				2058D16A2C65C98300D0557D /* Common */,
				2058D16B2C65C99400D0557D /* Presentation */,
				2058D16C2C65C99D00D0557D /* Domain */,
				2058D16D2C65C9A700D0557D /* Data */,
				2058D15C2C65C65200D0557D /* MC3App.swift */,
				2058D15E2C65C65200D0557D /* ContentView.swift */,
				2058D1602C65C65400D0557D /* Assets.xcassets */,
				2058D1622C65C65400D0557D /* Preview Content */,
			);
			path = MC3;
			sourceTree = "<group>";
		};
		2058D1622C65C65400D0557D /* Preview Content */ = {
			isa = PBXGroup;
			children = (
				2058D1632C65C65400D0557D /* Preview Assets.xcassets */,
			);
			path = "Preview Content";
			sourceTree = "<group>";
		};
		2058D16A2C65C98300D0557D /* Common */ = {
			isa = PBXGroup;
			children = (
				DA8B4A432C6BA48F00BC5987 /* iOSToWatchConnector.swift */,
				DD4C77582C6B016D00CEDFB2 /* Helper */,
				2058D1752C65CA5E00D0557D /* Extensions */,
				2058D1742C65CA5800D0557D /* Utils */,
			);
			path = Common;
			sourceTree = "<group>";
		};
		2058D16B2C65C99400D0557D /* Presentation */ = {
			isa = PBXGroup;
			children = (
				DD5574232C6DE15D008F9B98 /* ReusableComponents */,
				DD6D7FF82C6D1BC50023A499 /* LiveTrack */,
				DDEB4B262C68D97200375460 /* Homepage */,
				DDEB4B0E2C68C31A00375460 /* Authentication */,
				201FB0722C6D9AB900058A95 /* EmergencyContact */,
				207BA4802C6D903500B9B3FC /* MessageNotification */,
				2058D16F2C65C9CD00D0557D /* ViewModels */,
				2058D16E2C65C9C400D0557D /* Views */,
			);
			path = Presentation;
			sourceTree = "<group>";
		};
		2058D16C2C65C99D00D0557D /* Domain */ = {
			isa = PBXGroup;
			children = (
				2058D1712C65CA0100D0557D /* UseCases */,
				2058D1702C65C9D800D0557D /* Entities */,
			);
			path = Domain;
			sourceTree = "<group>";
		};
		2058D16D2C65C9A700D0557D /* Data */ = {
			isa = PBXGroup;
			children = (
				2058D1732C65CA1600D0557D /* DataSources */,
				2058D1722C65CA0C00D0557D /* Repositories */,
			);
			path = Data;
			sourceTree = "<group>";
		};
		2058D16E2C65C9C400D0557D /* Views */ = {
			isa = PBXGroup;
			children = (
				81D079062C6DE1E100ACE61E /* HomeView.swift */,
				81D079082C6DE1EB00ACE61E /* LiveTrackView.swift */,
				81D0790A2C6DE1F400ACE61E /* SOSView.swift */,
				81D0790C2C6DE20A00ACE61E /* ProfileView.swift */,
				81D079102C6DEB7700ACE61E /* NoAlertsView.swift */,
				81D079122C6DF04E00ACE61E /* CountdownView.swift */,
				81D079142C6DFD1500ACE61E /* PinInputView.swift */,
				81D078F82C6C52FC00ACE61E /* OnboardingView.swift */,
				81D078FC2C6C537E00ACE61E /* AddContactsView.swift */,
			);
			path = Views;
			sourceTree = "<group>";
		};
		2058D16F2C65C9CD00D0557D /* ViewModels */ = {
			isa = PBXGroup;
			children = (
			);
			path = ViewModels;
			sourceTree = "<group>";
		};
		2058D1702C65C9D800D0557D /* Entities */ = {
			isa = PBXGroup;
			children = (
				DD6D7FF12C6D11240023A499 /* Enum */,
				DD6D7FDD2C6CC42C0023A499 /* User.swift */,
				DD6D7FDF2C6CC8E80023A499 /* EmergencyContact.swift */,
			);
			path = Entities;
			sourceTree = "<group>";
		};
		2058D1712C65CA0100D0557D /* UseCases */ = {
			isa = PBXGroup;
			children = (
				DD6D80072C6D21FB0023A499 /* UserDefaultUseCases */,
				DD6D7FEA2C6CD5870023A499 /* Firebase */,
			);
			path = UseCases;
			sourceTree = "<group>";
		};
		2058D1722C65CA0C00D0557D /* Repositories */ = {
			isa = PBXGroup;
			children = (
				DD6D80022C6D21500023A499 /* Local */,
				DD6D7FE62C6CD1A80023A499 /* FirebaseServiceRepositoryProtocol.swift */,
				DD6D7FE82C6CD1CB0023A499 /* FirebaseServiceRepository.swift */,
			);
			path = Repositories;
			sourceTree = "<group>";
		};
		2058D1732C65CA1600D0557D /* DataSources */ = {
			isa = PBXGroup;
			children = (
				DD6D7FFD2C6D1ED20023A499 /* Local */,
				DD6D7FE12C6CCE2E0023A499 /* Remote */,
			);
			path = DataSources;
			sourceTree = "<group>";
		};
		2058D1742C65CA5800D0557D /* Utils */ = {
			isa = PBXGroup;
			children = (
				DDEB4B212C68D03600375460 /* Auth */,
				DD6D7FEF2C6CDCAC0023A499 /* DependencyInjection.swift */,
			);
			path = Utils;
			sourceTree = "<group>";
		};
		2058D1752C65CA5E00D0557D /* Extensions */ = {
			isa = PBXGroup;
			children = (
				DDEB4B2B2C69146300375460 /* UIApplication+Extension.swift */,
				DD6D7FF42C6D1AE50023A499 /* MKCoordinateRegion+Extension.swift */,
				DD6D7FF62C6D1B360023A499 /* CLLocationCoordinate2D.swift */,
			);
			path = Extensions;
			sourceTree = "<group>";
		};
		207BA4802C6D903500B9B3FC /* MessageNotification */ = {
			isa = PBXGroup;
			children = (
				207BA4812C6D905D00B9B3FC /* MessageNotificationViewModel.swift */,
				206A2CFE2C6EA40500287FD0 /* FCMTokenManager.swift */,
			);
			path = MessageNotification;
			sourceTree = "<group>";
		};
		209E78782C6F42F200510BD4 /* Recovered References */ = {
			isa = PBXGroup;
			children = (
				DA8B4A4A2C6BAE9D00BC5987 /* WatchConnectivity.framework */,
				DA8B4A462C6BA53F00BC5987 /* WatchConnectivity.framework */,
			);
			name = "Recovered References";
			sourceTree = "<group>";
		};
		DA221D322C6FA8F100F88958 /* Settings */ = {
			isa = PBXGroup;
			children = (
				DA221D352C6FA93700F88958 /* SettingsView.swift */,
			);
			path = Settings;
			sourceTree = "<group>";
		};
		DA221D372C6FB51000F88958 /* Countdown */ = {
			isa = PBXGroup;
			children = (
				DA221D382C6FB55100F88958 /* CountdownView.swift */,
			);
			name = Countdown;
			path = "../WatchMC3 Watch App/Presentation/Views/Countdown";
			sourceTree = "<group>";
		};
		DA221D3A2C71C1B400F88958 /* Call */ = {
			isa = PBXGroup;
			children = (
				DA221D3B2C71C1E400F88958 /* CallView.swift */,
			);
			path = Call;
			sourceTree = "<group>";
		};
		DA8B4A2D2C6B4D2D00BC5987 /* Home */ = {
			isa = PBXGroup;
			children = (
				DA8B4A2B2C6B4BDF00BC5987 /* Home.swift */,
				DA8B4A2E2C6B4E3500BC5987 /* HomeViewModel.swift */,
				DA1908382C6E0EA40087FA23 /* EmergencyViewModel.swift */,
				DA221D412C71CC3C00F88958 /* SOSActiveView.swift */,
				DA221D3E2C71C8DB00F88958 /* TrackingView.swift */,
				DA221D432C71CC7F00F88958 /* HBJumpView.swift */,
			);
			path = Home;
			sourceTree = "<group>";
		};
		DA8B4A502C6CBEF500BC5987 /* Shared */ = {
			isa = PBXGroup;
			children = (
				DA8B4A3D2C6B923400BC5987 /* NotificationManager.swift */,
				DA8B4A3F2C6B935F00BC5987 /* NotificationDelegate.swift */,
			);
			path = Shared;
			sourceTree = "<group>";
		};
		DD4C77582C6B016D00CEDFB2 /* Helper */ = {
			isa = PBXGroup;
			children = (
				DD4C77592C6B017A00CEDFB2 /* SocketHelper.swift */,
			);
			path = Helper;
			sourceTree = "<group>";
		};
		DD5574232C6DE15D008F9B98 /* ReusableComponents */ = {
			isa = PBXGroup;
			children = (
				DD5574242C6DE175008F9B98 /* InputPinComponent.swift */,
			);
			path = ReusableComponents;
			sourceTree = "<group>";
		};
		DD6D7FDA2C6C5DA50023A499 /* Frameworks */ = {
			isa = PBXGroup;
			children = (
			);
			name = Frameworks;
			sourceTree = "<group>";
		};
		DD6D7FE12C6CCE2E0023A499 /* Remote */ = {
			isa = PBXGroup;
			children = (
				DD6D7FE22C6CCE8D0023A499 /* FirebaseServiceDataSourceProtocol.swift */,
				DD6D7FE42C6CD09B0023A499 /* FirebaseServiceDataSource.swift */,
			);
			name = Remote;
			path = DataSources/Remote;
			sourceTree = "<group>";
		};
		DD6D7FEA2C6CD5870023A499 /* Firebase */ = {
			isa = PBXGroup;
			children = (
				DD6D7FEB2C6CD5AA0023A499 /* FirebaseServiceUseCaseProtocol.swift */,
				DD6D7FED2C6CD6810023A499 /* FirebaseServiceUseCase.swift */,
			);
			path = Firebase;
			sourceTree = "<group>";
		};
		DD6D7FF12C6D11240023A499 /* Enum */ = {
			isa = PBXGroup;
			children = (
				DD6D7FF22C6D114A0023A499 /* ProviderIdEnum.swift */,
				DD6D800C2C6D238E0023A499 /* KeyUserDefaultEnum.swift */,
				DDF91F182C7256E10072CCB1 /* NotificationTypeEnum.swift */,
			);
			path = Enum;
			sourceTree = "<group>";
		};
		DD6D7FF82C6D1BC50023A499 /* LiveTrack */ = {
			isa = PBXGroup;
			children = (
				DD6D7FF92C6D1BE30023A499 /* LiveTrackViewModel.swift */,
				DD6D7FFB2C6D1BFA0023A499 /* LiveTrack.swift */,
			);
			path = LiveTrack;
			sourceTree = "<group>";
		};
		DD6D7FFD2C6D1ED20023A499 /* Local */ = {
			isa = PBXGroup;
			children = (
				DD6D7FFE2C6D1EF90023A499 /* UserDefaultDataSourceProtocol.swift */,
				DD6D80002C6D1F890023A499 /* UserDefaultDataSource.swift */,
			);
			path = Local;
			sourceTree = "<group>";
		};
		DD6D80022C6D21500023A499 /* Local */ = {
			isa = PBXGroup;
			children = (
				DD6D80032C6D21690023A499 /* UserDefaultRepositoryProtocol.swift */,
				DD6D80052C6D21890023A499 /* UserDefaultRepository.swift */,
			);
			path = Local;
			sourceTree = "<group>";
		};
		DD6D80072C6D21FB0023A499 /* UserDefaultUseCases */ = {
			isa = PBXGroup;
			children = (
				DD6D80082C6D222E0023A499 /* UserDefaultUseCaseProtocol.swift */,
				DD6D800A2C6D23010023A499 /* UserDefaultUseCase.swift */,
			);
			path = UserDefaultUseCases;
			sourceTree = "<group>";
		};
		DDA830132C72560C000F4724 /* DeactivateSession */ = {
			isa = PBXGroup;
			children = (
				DDA830112C72560C000F4724 /* DeactivateView.swift */,
				DDA830122C72560C000F4724 /* DeactivateViewModel.swift */,
			);
			path = DeactivateSession;
			sourceTree = "<group>";
		};
		DDEB4B0E2C68C31A00375460 /* Authentication */ = {
			isa = PBXGroup;
			children = (
				DDEB4B0F2C68C32F00375460 /* LoginView.swift */,
				DDEB4B1F2C68CE9000375460 /* LoginViewModel.swift */,
			);
			path = Authentication;
			sourceTree = "<group>";
		};
		DDEB4B212C68D03600375460 /* Auth */ = {
			isa = PBXGroup;
			children = (
				DDEB4B222C68D07200375460 /* RandomNonceString.swift */,
				DDEB4B242C68D08E00375460 /* SHA256.swift */,
			);
			path = Auth;
			sourceTree = "<group>";
		};
		DDEB4B262C68D97200375460 /* Homepage */ = {
			isa = PBXGroup;
			children = (
				20F95A5F2C6E1073005B3DA1 /* HomepageView.swift */,
				20F95A632C6E1073005B3DA1 /* HomepageViewModel.swift */,
				20F95A612C6E1073005B3DA1 /* LocationManagerViewModel.swift */,
			);
			path = Homepage;
			sourceTree = "<unknown>";
		};
/* End PBXGroup section */

/* Begin PBXNativeTarget section */
		20190CF02C6A336A001A2AB6 /* WatchMC3 Watch App */ = {
			isa = PBXNativeTarget;
			buildConfigurationList = 20190D022C6A336B001A2AB6 /* Build configuration list for PBXNativeTarget "WatchMC3 Watch App" */;
			buildPhases = (
				20190CED2C6A336A001A2AB6 /* Sources */,
				20190CEE2C6A336A001A2AB6 /* Frameworks */,
				20190CEF2C6A336A001A2AB6 /* Resources */,
			);
			buildRules = (
			);
			dependencies = (
			);
			name = "WatchMC3 Watch App";
			productName = "WatchMC3 Watch App";
			productReference = 20190CF12C6A336A001A2AB6 /* WatchMC3 Watch App.app */;
			productType = "com.apple.product-type.application";
		};
		2058D1582C65C65200D0557D /* MC3 */ = {
			isa = PBXNativeTarget;
			buildConfigurationList = 2058D1672C65C65400D0557D /* Build configuration list for PBXNativeTarget "MC3" */;
			buildPhases = (
				2058D1552C65C65200D0557D /* Sources */,
				2058D1562C65C65200D0557D /* Frameworks */,
				2058D1572C65C65200D0557D /* Resources */,
				20190CFF2C6A336B001A2AB6 /* Embed Watch Content */,
			);
			buildRules = (
			);
			dependencies = (
				20190CFD2C6A336B001A2AB6 /* PBXTargetDependency */,
			);
			name = MC3;
			packageProductDependencies = (
				DDEB4B122C68C53000375460 /* FirebaseAuth */,
				DDEB4B152C68C55B00375460 /* GoogleSignIn */,
				DDEB4B172C68C55B00375460 /* GoogleSignInSwift */,
				DD4C77502C6A59A800CEDFB2 /* SocketIO */,
				DD6D7FDB2C6C5DA50023A499 /* FirebaseFirestore */,
				207BA47A2C6CF90E00B9B3FC /* FirebaseMessaging */,
			);
			productName = MC3;
			productReference = 2058D1592C65C65200D0557D /* MC3.app */;
			productType = "com.apple.product-type.application";
		};
/* End PBXNativeTarget section */

/* Begin PBXProject section */
		2058D1512C65C65200D0557D /* Project object */ = {
			isa = PBXProject;
			attributes = {
				BuildIndependentTargetsInParallel = 1;
				LastSwiftUpdateCheck = 1530;
				LastUpgradeCheck = 1530;
				TargetAttributes = {
					20190CF02C6A336A001A2AB6 = {
						CreatedOnToolsVersion = 15.3;
					};
					2058D1582C65C65200D0557D = {
						CreatedOnToolsVersion = 15.3;
					};
				};
			};
			buildConfigurationList = 2058D1542C65C65200D0557D /* Build configuration list for PBXProject "MC3" */;
			compatibilityVersion = "Xcode 14.0";
			developmentRegion = en;
			hasScannedForEncodings = 0;
			knownRegions = (
				en,
				Base,
			);
			mainGroup = 2058D1502C65C65200D0557D;
			packageReferences = (
				DDEB4B112C68C53000375460 /* XCRemoteSwiftPackageReference "firebase-ios-sdk" */,
				DDEB4B142C68C55B00375460 /* XCRemoteSwiftPackageReference "GoogleSignIn-iOS" */,
				DD4C774F2C6A59A800CEDFB2 /* XCRemoteSwiftPackageReference "socket" */,
			);
			productRefGroup = 2058D15A2C65C65200D0557D /* Products */;
			projectDirPath = "";
			projectRoot = "";
			targets = (
				2058D1582C65C65200D0557D /* MC3 */,
				20190CF02C6A336A001A2AB6 /* WatchMC3 Watch App */,
			);
		};
/* End PBXProject section */

/* Begin PBXResourcesBuildPhase section */
		20190CEF2C6A336A001A2AB6 /* Resources */ = {
			isa = PBXResourcesBuildPhase;
			buildActionMask = 2147483647;
			files = (
				20190CFB2C6A336B001A2AB6 /* Preview Assets.xcassets in Resources */,
				20190CF82C6A336B001A2AB6 /* Assets.xcassets in Resources */,
			);
			runOnlyForDeploymentPostprocessing = 0;
		};
		2058D1572C65C65200D0557D /* Resources */ = {
			isa = PBXResourcesBuildPhase;
			buildActionMask = 2147483647;
			files = (
				2058D1642C65C65400D0557D /* Preview Assets.xcassets in Resources */,
				2058D1612C65C65400D0557D /* Assets.xcassets in Resources */,
				20F95A6A2C6E11A5005B3DA1 /* GoogleService-Info.plist in Resources */,
			);
			runOnlyForDeploymentPostprocessing = 0;
		};
/* End PBXResourcesBuildPhase section */

/* Begin PBXSourcesBuildPhase section */
		20190CED2C6A336A001A2AB6 /* Sources */ = {
			isa = PBXSourcesBuildPhase;
			buildActionMask = 2147483647;
			files = (
				DDA830152C72560C000F4724 /* DeactivateViewModel.swift in Sources */,
				DA221D442C71CC7F00F88958 /* HBJumpView.swift in Sources */,
				DA8B4A2F2C6B4E3500BC5987 /* HomeViewModel.swift in Sources */,
				DDF91F1C2C7259340072CCB1 /* NotificationTypeEnum.swift in Sources */,
				DDA830142C72560C000F4724 /* DeactivateView.swift in Sources */,
				DA8B4A2C2C6B4BDF00BC5987 /* Home.swift in Sources */,
				DA8B4A3E2C6B923400BC5987 /* NotificationManager.swift in Sources */,
				DA8B4A402C6B935F00BC5987 /* NotificationDelegate.swift in Sources */,
				DA221D3F2C71C8DB00F88958 /* TrackingView.swift in Sources */,
				DA221D312C6FA7B300F88958 /* AllViews.swift in Sources */,
				DA8B4A312C6B503400BC5987 /* HealthKitManager.swift in Sources */,
				DA221D362C6FA93700F88958 /* SettingsView.swift in Sources */,
				20190CF42C6A336B001A2AB6 /* WatchMC3App.swift in Sources */,
				DA221D392C6FB55100F88958 /* CountdownView.swift in Sources */,
				DA221D482C71DB4A00F88958 /* OverlayPlayerForTimeRemove.swift in Sources */,
				DA19083F2C6E44C20087FA23 /* Router.swift in Sources */,
				DA8B4A422C6BA3FE00BC5987 /* WatchToiOSConnector.swift in Sources */,
				DA221D3C2C71C1E400F88958 /* CallView.swift in Sources */,
				209E78792C6F563C00510BD4 /* MessageNotificationViewModel.swift in Sources */,
				DA1908392C6E0EA40087FA23 /* EmergencyViewModel.swift in Sources */,
				DA8B4A332C6B50AD00BC5987 /* HeartRateManager.swift in Sources */,
				DA221D422C71CC3C00F88958 /* SOSActiveView.swift in Sources */,
			);
			runOnlyForDeploymentPostprocessing = 0;
		};
		2058D1552C65C65200D0557D /* Sources */ = {
			isa = PBXSourcesBuildPhase;
			buildActionMask = 2147483647;
			files = (
				DA8B4A522C6CC08100BC5987 /* NotificationDelegate.swift in Sources */,
				DA8B4A442C6BA48F00BC5987 /* iOSToWatchConnector.swift in Sources */,
				DA8B4A512C6CC07E00BC5987 /* NotificationManager.swift in Sources */,
				81D079072C6DE1E100ACE61E /* HomeView.swift in Sources */,
				81D079112C6DEB7700ACE61E /* NoAlertsView.swift in Sources */,
				81D079132C6DF04E00ACE61E /* CountdownView.swift in Sources */,
				81D079092C6DE1EB00ACE61E /* LiveTrackView.swift in Sources */,
				81D0790B2C6DE1F400ACE61E /* SOSView.swift in Sources */,
				81D0790D2C6DE20A00ACE61E /* ProfileView.swift in Sources */,
				81D079152C6DFD1500ACE61E /* PinInputView.swift in Sources */,
				20F95A652C6E1073005B3DA1 /* HomepageView.swift in Sources */,
				DDEB4B202C68CE9000375460 /* LoginViewModel.swift in Sources */,
				DDEB4B102C68C32F00375460 /* LoginView.swift in Sources */,
				20D4DAA12C6E59A4009E73D7 /* CountdownView.swift in Sources */,
				DD6D7FFF2C6D1EF90023A499 /* UserDefaultDataSourceProtocol.swift in Sources */,
				DD6D7FE32C6CCE8D0023A499 /* FirebaseServiceDataSourceProtocol.swift in Sources */,
				DD6D7FFA2C6D1BE30023A499 /* LiveTrackViewModel.swift in Sources */,
				DDEB4B252C68D08E00375460 /* SHA256.swift in Sources */,
				DD6D7FEC2C6CD5AA0023A499 /* FirebaseServiceUseCaseProtocol.swift in Sources */,
				DDF91F192C7256E10072CCB1 /* NotificationTypeEnum.swift in Sources */,
				DD6D800D2C6D238E0023A499 /* KeyUserDefaultEnum.swift in Sources */,
				DD6D7FFC2C6D1BFA0023A499 /* LiveTrack.swift in Sources */,
				DD6D7FE02C6CC8E80023A499 /* EmergencyContact.swift in Sources */,
				DDEB4B232C68D07200375460 /* RandomNonceString.swift in Sources */,
				DD6D800B2C6D23010023A499 /* UserDefaultUseCase.swift in Sources */,
				DD5574252C6DE175008F9B98 /* InputPinComponent.swift in Sources */,
				DD6D7FDE2C6CC42C0023A499 /* User.swift in Sources */,
				DD6D80012C6D1F890023A499 /* UserDefaultDataSource.swift in Sources */,
				DD6D80042C6D21690023A499 /* UserDefaultRepositoryProtocol.swift in Sources */,
				DD6D7FF02C6CDCAC0023A499 /* DependencyInjection.swift in Sources */,
				DD6D7FE52C6CD09B0023A499 /* FirebaseServiceDataSource.swift in Sources */,
				DD6D7FE92C6CD1CB0023A499 /* FirebaseServiceRepository.swift in Sources */,
				DD4C775A2C6B017A00CEDFB2 /* SocketHelper.swift in Sources */,
				20D4DA9E2C6E59A4009E73D7 /* NoAlertsView.swift in Sources */,
				DD6D7FEE2C6CD6810023A499 /* FirebaseServiceUseCase.swift in Sources */,
				DD6D80092C6D222E0023A499 /* UserDefaultUseCaseProtocol.swift in Sources */,
				20F95A642C6E1073005B3DA1 /* HomepageViewModel.swift in Sources */,
				DD6D7FF52C6D1AE50023A499 /* MKCoordinateRegion+Extension.swift in Sources */,
				DDEB4B2C2C69146300375460 /* UIApplication+Extension.swift in Sources */,
				2058D15F2C65C65200D0557D /* ContentView.swift in Sources */,
				20D4DA9F2C6E59A4009E73D7 /* SOSView.swift in Sources */,
				20D4DAA22C6E59A4009E73D7 /* PinInputView.swift in Sources */,
				DD6D7FE72C6CD1A80023A499 /* FirebaseServiceRepositoryProtocol.swift in Sources */,
				20D4DAA32C6E59A4009E73D7 /* ProfileView.swift in Sources */,
				20D4DAA02C6E59A4009E73D7 /* HomeView.swift in Sources */,
				206A2CFF2C6EA40500287FD0 /* FCMTokenManager.swift in Sources */,
				DD6D7FF32C6D114A0023A499 /* ProviderIdEnum.swift in Sources */,
				DD6D7FF72C6D1B360023A499 /* CLLocationCoordinate2D.swift in Sources */,
				2058D15D2C65C65200D0557D /* MC3App.swift in Sources */,
				DD6D80062C6D21890023A499 /* UserDefaultRepository.swift in Sources */,
				20F95A662C6E1073005B3DA1 /* LocationManagerViewModel.swift in Sources */,
				81D078F92C6C52FC00ACE61E /* OnboardingView.swift in Sources */,
				20F585082C6DD28F00114E3D /* AddContactsView.swift in Sources */,
				2058D15F2C65C65200D0557D /* ContentView.swift in Sources */,
				207BA4822C6D905D00B9B3FC /* MessageNotificationViewModel.swift in Sources */,
				201FB0742C6D9AE400058A95 /* EmergencyContactViewModel.swift in Sources */,
				2058D15D2C65C65200D0557D /* MC3App.swift in Sources */,
				207BA4842C6D930200B9B3FC /* AddEmergencyContactView.swift in Sources */,
				201FB0762C6DC32F00058A95 /* ContactPickerView.swift in Sources */,
				20F5850C2C6DD28F00114E3D /* OnboardingView.swift in Sources */,
				81D078FD2C6C537E00ACE61E /* AddContactsView.swift in Sources */,
			);
			runOnlyForDeploymentPostprocessing = 0;
		};
/* End PBXSourcesBuildPhase section */

/* Begin PBXTargetDependency section */
		20190CFD2C6A336B001A2AB6 /* PBXTargetDependency */ = {
			isa = PBXTargetDependency;
			target = 20190CF02C6A336A001A2AB6 /* WatchMC3 Watch App */;
			targetProxy = 20190CFC2C6A336B001A2AB6 /* PBXContainerItemProxy */;
		};
/* End PBXTargetDependency section */

/* Begin XCBuildConfiguration section */
		20190D002C6A336B001A2AB6 /* Debug */ = {
			isa = XCBuildConfiguration;
			buildSettings = {
				ASSETCATALOG_COMPILER_APPICON_NAME = AppIcon;
				ASSETCATALOG_COMPILER_GLOBAL_ACCENT_COLOR_NAME = AccentColor;
				CODE_SIGN_ENTITLEMENTS = "WatchMC3 Watch App/WatchMC3 Watch App.entitlements";
				CODE_SIGN_STYLE = Automatic;
				CURRENT_PROJECT_VERSION = 1;
				DEVELOPMENT_ASSET_PATHS = "\"WatchMC3 Watch App/Preview Content\"";
				DEVELOPMENT_TEAM = XSHZNN2ULY;
				ENABLE_PREVIEWS = YES;
				GENERATE_INFOPLIST_FILE = YES;
				INFOPLIST_FILE = "WatchMC3-Watch-App-Info.plist";
				INFOPLIST_KEY_CFBundleDisplayName = WatchMC3;
				INFOPLIST_KEY_NSHealthClinicalHealthRecordsShareUsageDescription = "We need to access your health data to provide services";
				INFOPLIST_KEY_NSHealthShareUsageDescription = "We need to access your health data to provide services";
				INFOPLIST_KEY_NSHealthUpdateUsageDescription = "We need to access your health data to provide services";
				INFOPLIST_KEY_UISupportedInterfaceOrientations = "UIInterfaceOrientationPortrait UIInterfaceOrientationPortraitUpsideDown";
				INFOPLIST_KEY_WKCompanionAppBundleIdentifier = MC3.Untouchable;
				LD_RUNPATH_SEARCH_PATHS = (
					"$(inherited)",
					"@executable_path/Frameworks",
				);
				MARKETING_VERSION = 1.0;
				PRODUCT_BUNDLE_IDENTIFIER = MC3.Untouchable.watchkitapp;
				PRODUCT_NAME = "$(TARGET_NAME)";
				SDKROOT = watchos;
				SKIP_INSTALL = YES;
				SWIFT_EMIT_LOC_STRINGS = YES;
				SWIFT_VERSION = 5.0;
				TARGETED_DEVICE_FAMILY = 4;
				WATCHOS_DEPLOYMENT_TARGET = 10.0;
			};
			name = Debug;
		};
		20190D012C6A336B001A2AB6 /* Release */ = {
			isa = XCBuildConfiguration;
			buildSettings = {
				ASSETCATALOG_COMPILER_APPICON_NAME = AppIcon;
				ASSETCATALOG_COMPILER_GLOBAL_ACCENT_COLOR_NAME = AccentColor;
				CODE_SIGN_ENTITLEMENTS = "WatchMC3 Watch App/WatchMC3 Watch App.entitlements";
				CODE_SIGN_STYLE = Automatic;
				CURRENT_PROJECT_VERSION = 1;
				DEVELOPMENT_ASSET_PATHS = "\"WatchMC3 Watch App/Preview Content\"";
				DEVELOPMENT_TEAM = XSHZNN2ULY;
				ENABLE_PREVIEWS = YES;
				GENERATE_INFOPLIST_FILE = YES;
				INFOPLIST_FILE = "WatchMC3-Watch-App-Info.plist";
				INFOPLIST_KEY_CFBundleDisplayName = WatchMC3;
				INFOPLIST_KEY_NSHealthClinicalHealthRecordsShareUsageDescription = "We need to access your health data to provide services";
				INFOPLIST_KEY_NSHealthShareUsageDescription = "We need to access your health data to provide services";
				INFOPLIST_KEY_NSHealthUpdateUsageDescription = "We need to access your health data to provide services";
				INFOPLIST_KEY_UISupportedInterfaceOrientations = "UIInterfaceOrientationPortrait UIInterfaceOrientationPortraitUpsideDown";
				INFOPLIST_KEY_WKCompanionAppBundleIdentifier = MC3.Untouchable;
				LD_RUNPATH_SEARCH_PATHS = (
					"$(inherited)",
					"@executable_path/Frameworks",
				);
				MARKETING_VERSION = 1.0;
				PRODUCT_BUNDLE_IDENTIFIER = MC3.Untouchable.watchkitapp;
				PRODUCT_NAME = "$(TARGET_NAME)";
				SDKROOT = watchos;
				SKIP_INSTALL = YES;
				SWIFT_EMIT_LOC_STRINGS = YES;
				SWIFT_VERSION = 5.0;
				TARGETED_DEVICE_FAMILY = 4;
				WATCHOS_DEPLOYMENT_TARGET = 10.0;
			};
			name = Release;
		};
		2058D1652C65C65400D0557D /* Debug */ = {
			isa = XCBuildConfiguration;
			buildSettings = {
				ALWAYS_SEARCH_USER_PATHS = NO;
				ASSETCATALOG_COMPILER_GENERATE_SWIFT_ASSET_SYMBOL_EXTENSIONS = YES;
				CLANG_ANALYZER_NONNULL = YES;
				CLANG_ANALYZER_NUMBER_OBJECT_CONVERSION = YES_AGGRESSIVE;
				CLANG_CXX_LANGUAGE_STANDARD = "gnu++20";
				CLANG_ENABLE_MODULES = YES;
				CLANG_ENABLE_OBJC_ARC = YES;
				CLANG_ENABLE_OBJC_WEAK = YES;
				CLANG_WARN_BLOCK_CAPTURE_AUTORELEASING = YES;
				CLANG_WARN_BOOL_CONVERSION = YES;
				CLANG_WARN_COMMA = YES;
				CLANG_WARN_CONSTANT_CONVERSION = YES;
				CLANG_WARN_DEPRECATED_OBJC_IMPLEMENTATIONS = YES;
				CLANG_WARN_DIRECT_OBJC_ISA_USAGE = YES_ERROR;
				CLANG_WARN_DOCUMENTATION_COMMENTS = YES;
				CLANG_WARN_EMPTY_BODY = YES;
				CLANG_WARN_ENUM_CONVERSION = YES;
				CLANG_WARN_INFINITE_RECURSION = YES;
				CLANG_WARN_INT_CONVERSION = YES;
				CLANG_WARN_NON_LITERAL_NULL_CONVERSION = YES;
				CLANG_WARN_OBJC_IMPLICIT_RETAIN_SELF = YES;
				CLANG_WARN_OBJC_LITERAL_CONVERSION = YES;
				CLANG_WARN_OBJC_ROOT_CLASS = YES_ERROR;
				CLANG_WARN_QUOTED_INCLUDE_IN_FRAMEWORK_HEADER = YES;
				CLANG_WARN_RANGE_LOOP_ANALYSIS = YES;
				CLANG_WARN_STRICT_PROTOTYPES = YES;
				CLANG_WARN_SUSPICIOUS_MOVE = YES;
				CLANG_WARN_UNGUARDED_AVAILABILITY = YES_AGGRESSIVE;
				CLANG_WARN_UNREACHABLE_CODE = YES;
				CLANG_WARN__DUPLICATE_METHOD_MATCH = YES;
				COPY_PHASE_STRIP = NO;
				DEBUG_INFORMATION_FORMAT = dwarf;
				ENABLE_STRICT_OBJC_MSGSEND = YES;
				ENABLE_TESTABILITY = YES;
				ENABLE_USER_SCRIPT_SANDBOXING = YES;
				GCC_C_LANGUAGE_STANDARD = gnu17;
				GCC_DYNAMIC_NO_PIC = NO;
				GCC_NO_COMMON_BLOCKS = YES;
				GCC_OPTIMIZATION_LEVEL = 0;
				GCC_PREPROCESSOR_DEFINITIONS = (
					"DEBUG=1",
					"$(inherited)",
				);
				GCC_WARN_64_TO_32_BIT_CONVERSION = YES;
				GCC_WARN_ABOUT_RETURN_TYPE = YES_ERROR;
				GCC_WARN_UNDECLARED_SELECTOR = YES;
				GCC_WARN_UNINITIALIZED_AUTOS = YES_AGGRESSIVE;
				GCC_WARN_UNUSED_FUNCTION = YES;
				GCC_WARN_UNUSED_VARIABLE = YES;
				IPHONEOS_DEPLOYMENT_TARGET = 17.4;
				LOCALIZATION_PREFERS_STRING_CATALOGS = YES;
				MTL_ENABLE_DEBUG_INFO = INCLUDE_SOURCE;
				MTL_FAST_MATH = YES;
				ONLY_ACTIVE_ARCH = YES;
				SDKROOT = iphoneos;
				SWIFT_ACTIVE_COMPILATION_CONDITIONS = "DEBUG $(inherited)";
				SWIFT_OPTIMIZATION_LEVEL = "-Onone";
			};
			name = Debug;
		};
		2058D1662C65C65400D0557D /* Release */ = {
			isa = XCBuildConfiguration;
			buildSettings = {
				ALWAYS_SEARCH_USER_PATHS = NO;
				ASSETCATALOG_COMPILER_GENERATE_SWIFT_ASSET_SYMBOL_EXTENSIONS = YES;
				CLANG_ANALYZER_NONNULL = YES;
				CLANG_ANALYZER_NUMBER_OBJECT_CONVERSION = YES_AGGRESSIVE;
				CLANG_CXX_LANGUAGE_STANDARD = "gnu++20";
				CLANG_ENABLE_MODULES = YES;
				CLANG_ENABLE_OBJC_ARC = YES;
				CLANG_ENABLE_OBJC_WEAK = YES;
				CLANG_WARN_BLOCK_CAPTURE_AUTORELEASING = YES;
				CLANG_WARN_BOOL_CONVERSION = YES;
				CLANG_WARN_COMMA = YES;
				CLANG_WARN_CONSTANT_CONVERSION = YES;
				CLANG_WARN_DEPRECATED_OBJC_IMPLEMENTATIONS = YES;
				CLANG_WARN_DIRECT_OBJC_ISA_USAGE = YES_ERROR;
				CLANG_WARN_DOCUMENTATION_COMMENTS = YES;
				CLANG_WARN_EMPTY_BODY = YES;
				CLANG_WARN_ENUM_CONVERSION = YES;
				CLANG_WARN_INFINITE_RECURSION = YES;
				CLANG_WARN_INT_CONVERSION = YES;
				CLANG_WARN_NON_LITERAL_NULL_CONVERSION = YES;
				CLANG_WARN_OBJC_IMPLICIT_RETAIN_SELF = YES;
				CLANG_WARN_OBJC_LITERAL_CONVERSION = YES;
				CLANG_WARN_OBJC_ROOT_CLASS = YES_ERROR;
				CLANG_WARN_QUOTED_INCLUDE_IN_FRAMEWORK_HEADER = YES;
				CLANG_WARN_RANGE_LOOP_ANALYSIS = YES;
				CLANG_WARN_STRICT_PROTOTYPES = YES;
				CLANG_WARN_SUSPICIOUS_MOVE = YES;
				CLANG_WARN_UNGUARDED_AVAILABILITY = YES_AGGRESSIVE;
				CLANG_WARN_UNREACHABLE_CODE = YES;
				CLANG_WARN__DUPLICATE_METHOD_MATCH = YES;
				COPY_PHASE_STRIP = NO;
				DEBUG_INFORMATION_FORMAT = "dwarf-with-dsym";
				ENABLE_NS_ASSERTIONS = NO;
				ENABLE_STRICT_OBJC_MSGSEND = YES;
				ENABLE_USER_SCRIPT_SANDBOXING = YES;
				GCC_C_LANGUAGE_STANDARD = gnu17;
				GCC_NO_COMMON_BLOCKS = YES;
				GCC_WARN_64_TO_32_BIT_CONVERSION = YES;
				GCC_WARN_ABOUT_RETURN_TYPE = YES_ERROR;
				GCC_WARN_UNDECLARED_SELECTOR = YES;
				GCC_WARN_UNINITIALIZED_AUTOS = YES_AGGRESSIVE;
				GCC_WARN_UNUSED_FUNCTION = YES;
				GCC_WARN_UNUSED_VARIABLE = YES;
				IPHONEOS_DEPLOYMENT_TARGET = 17.4;
				LOCALIZATION_PREFERS_STRING_CATALOGS = YES;
				MTL_ENABLE_DEBUG_INFO = NO;
				MTL_FAST_MATH = YES;
				SDKROOT = iphoneos;
				SWIFT_COMPILATION_MODE = wholemodule;
				VALIDATE_PRODUCT = YES;
			};
			name = Release;
		};
		2058D1682C65C65400D0557D /* Debug */ = {
			isa = XCBuildConfiguration;
			buildSettings = {
				ALWAYS_EMBED_SWIFT_STANDARD_LIBRARIES = YES;
				ASSETCATALOG_COMPILER_APPICON_NAME = AppIcon;
				ASSETCATALOG_COMPILER_GLOBAL_ACCENT_COLOR_NAME = AccentColor;
				CODE_SIGN_ENTITLEMENTS = MC3/MC3.entitlements;
				CODE_SIGN_STYLE = Automatic;
				CURRENT_PROJECT_VERSION = 1;
				DEVELOPMENT_ASSET_PATHS = "\"MC3/Preview Content\"";
				DEVELOPMENT_TEAM = XSHZNN2ULY;
				ENABLE_PREVIEWS = YES;
				GENERATE_INFOPLIST_FILE = YES;
				INFOPLIST_FILE = MC3/Info.plist;
				INFOPLIST_KEY_NSContactsUsageDescription = "We need your contacts information for the Emergency Contact Access";
				INFOPLIST_KEY_UIApplicationSceneManifest_Generation = YES;
				INFOPLIST_KEY_UIApplicationSupportsIndirectInputEvents = YES;
				INFOPLIST_KEY_UILaunchScreen_Generation = YES;
				INFOPLIST_KEY_UISupportedInterfaceOrientations_iPad = "UIInterfaceOrientationPortrait UIInterfaceOrientationPortraitUpsideDown UIInterfaceOrientationLandscapeLeft UIInterfaceOrientationLandscapeRight";
				INFOPLIST_KEY_UISupportedInterfaceOrientations_iPhone = "UIInterfaceOrientationPortrait UIInterfaceOrientationLandscapeLeft UIInterfaceOrientationLandscapeRight";
				IPHONEOS_DEPLOYMENT_TARGET = 17.2;
				LD_RUNPATH_SEARCH_PATHS = (
					"$(inherited)",
					"@executable_path/Frameworks",
				);
				MARKETING_VERSION = 1.0;
				PRODUCT_BUNDLE_IDENTIFIER = MC3.Untouchable;
				PRODUCT_NAME = "$(TARGET_NAME)";
				SUPPORTED_PLATFORMS = "iphoneos iphonesimulator";
				SUPPORTS_MACCATALYST = NO;
				SUPPORTS_MAC_DESIGNED_FOR_IPHONE_IPAD = NO;
				SUPPORTS_XR_DESIGNED_FOR_IPHONE_IPAD = NO;
				SWIFT_EMIT_LOC_STRINGS = YES;
				SWIFT_VERSION = 5.0;
				TARGETED_DEVICE_FAMILY = "1,2";
			};
			name = Debug;
		};
		2058D1692C65C65400D0557D /* Release */ = {
			isa = XCBuildConfiguration;
			buildSettings = {
				ALWAYS_EMBED_SWIFT_STANDARD_LIBRARIES = YES;
				ASSETCATALOG_COMPILER_APPICON_NAME = AppIcon;
				ASSETCATALOG_COMPILER_GLOBAL_ACCENT_COLOR_NAME = AccentColor;
				CODE_SIGN_ENTITLEMENTS = MC3/MC3.entitlements;
				CODE_SIGN_STYLE = Automatic;
				CURRENT_PROJECT_VERSION = 1;
				DEVELOPMENT_ASSET_PATHS = "\"MC3/Preview Content\"";
				DEVELOPMENT_TEAM = XSHZNN2ULY;
				ENABLE_PREVIEWS = YES;
				GENERATE_INFOPLIST_FILE = YES;
				INFOPLIST_FILE = MC3/Info.plist;
				INFOPLIST_KEY_NSContactsUsageDescription = "We need your contacts information for the Emergency Contact Access";
				INFOPLIST_KEY_UIApplicationSceneManifest_Generation = YES;
				INFOPLIST_KEY_UIApplicationSupportsIndirectInputEvents = YES;
				INFOPLIST_KEY_UILaunchScreen_Generation = YES;
				INFOPLIST_KEY_UISupportedInterfaceOrientations_iPad = "UIInterfaceOrientationPortrait UIInterfaceOrientationPortraitUpsideDown UIInterfaceOrientationLandscapeLeft UIInterfaceOrientationLandscapeRight";
				INFOPLIST_KEY_UISupportedInterfaceOrientations_iPhone = "UIInterfaceOrientationPortrait UIInterfaceOrientationLandscapeLeft UIInterfaceOrientationLandscapeRight";
				IPHONEOS_DEPLOYMENT_TARGET = 17.2;
				LD_RUNPATH_SEARCH_PATHS = (
					"$(inherited)",
					"@executable_path/Frameworks",
				);
				MARKETING_VERSION = 1.0;
				PRODUCT_BUNDLE_IDENTIFIER = MC3.Untouchable;
				PRODUCT_NAME = "$(TARGET_NAME)";
				SUPPORTED_PLATFORMS = "iphoneos iphonesimulator";
				SUPPORTS_MACCATALYST = NO;
				SUPPORTS_MAC_DESIGNED_FOR_IPHONE_IPAD = NO;
				SUPPORTS_XR_DESIGNED_FOR_IPHONE_IPAD = NO;
				SWIFT_EMIT_LOC_STRINGS = YES;
				SWIFT_VERSION = 5.0;
				TARGETED_DEVICE_FAMILY = "1,2";
			};
			name = Release;
		};
/* End XCBuildConfiguration section */

/* Begin XCConfigurationList section */
		20190D022C6A336B001A2AB6 /* Build configuration list for PBXNativeTarget "WatchMC3 Watch App" */ = {
			isa = XCConfigurationList;
			buildConfigurations = (
				20190D002C6A336B001A2AB6 /* Debug */,
				20190D012C6A336B001A2AB6 /* Release */,
			);
			defaultConfigurationIsVisible = 0;
			defaultConfigurationName = Release;
		};
		2058D1542C65C65200D0557D /* Build configuration list for PBXProject "MC3" */ = {
			isa = XCConfigurationList;
			buildConfigurations = (
				2058D1652C65C65400D0557D /* Debug */,
				2058D1662C65C65400D0557D /* Release */,
			);
			defaultConfigurationIsVisible = 0;
			defaultConfigurationName = Release;
		};
		2058D1672C65C65400D0557D /* Build configuration list for PBXNativeTarget "MC3" */ = {
			isa = XCConfigurationList;
			buildConfigurations = (
				2058D1682C65C65400D0557D /* Debug */,
				2058D1692C65C65400D0557D /* Release */,
			);
			defaultConfigurationIsVisible = 0;
			defaultConfigurationName = Release;
		};
/* End XCConfigurationList section */

/* Begin XCRemoteSwiftPackageReference section */
		DD4C774F2C6A59A800CEDFB2 /* XCRemoteSwiftPackageReference "socket" */ = {
			isa = XCRemoteSwiftPackageReference;
			repositoryURL = "https://github.com/socketio/socket.io-client-swift";
			requirement = {
				branch = master;
				kind = branch;
			};
		};
		DDEB4B112C68C53000375460 /* XCRemoteSwiftPackageReference "firebase-ios-sdk" */ = {
			isa = XCRemoteSwiftPackageReference;
			repositoryURL = "https://github.com/firebase/firebase-ios-sdk";
			requirement = {
				kind = upToNextMajorVersion;
				minimumVersion = 11.0.0;
			};
		};
		DDEB4B142C68C55B00375460 /* XCRemoteSwiftPackageReference "GoogleSignIn-iOS" */ = {
			isa = XCRemoteSwiftPackageReference;
			repositoryURL = "https://github.com/google/GoogleSignIn-iOS/";
			requirement = {
				kind = upToNextMajorVersion;
				minimumVersion = 7.1.0;
			};
		};
/* End XCRemoteSwiftPackageReference section */

/* Begin XCSwiftPackageProductDependency section */
		207BA47A2C6CF90E00B9B3FC /* FirebaseMessaging */ = {
			isa = XCSwiftPackageProductDependency;
			productName = FirebaseMessaging;
		};
		DD4C77502C6A59A800CEDFB2 /* SocketIO */ = {
			isa = XCSwiftPackageProductDependency;
			package = DD4C774F2C6A59A800CEDFB2 /* XCRemoteSwiftPackageReference "socket" */;
			productName = SocketIO;
		};
		DD6D7FDB2C6C5DA50023A499 /* FirebaseFirestore */ = {
			isa = XCSwiftPackageProductDependency;
			package = DDEB4B112C68C53000375460 /* XCRemoteSwiftPackageReference "firebase-ios-sdk" */;
			productName = FirebaseFirestore;
		};
		DDEB4B122C68C53000375460 /* FirebaseAuth */ = {
			isa = XCSwiftPackageProductDependency;
			package = DDEB4B112C68C53000375460 /* XCRemoteSwiftPackageReference "firebase-ios-sdk" */;
			productName = FirebaseAuth;
		};
		DDEB4B152C68C55B00375460 /* GoogleSignIn */ = {
			isa = XCSwiftPackageProductDependency;
			package = DDEB4B142C68C55B00375460 /* XCRemoteSwiftPackageReference "GoogleSignIn-iOS" */;
			productName = GoogleSignIn;
		};
		DDEB4B172C68C55B00375460 /* GoogleSignInSwift */ = {
			isa = XCSwiftPackageProductDependency;
			package = DDEB4B142C68C55B00375460 /* XCRemoteSwiftPackageReference "GoogleSignIn-iOS" */;
			productName = GoogleSignInSwift;
		};
/* End XCSwiftPackageProductDependency section */
	};
	rootObject = 2058D1512C65C65200D0557D /* Project object */;
}
